// !$*UTF8*$!
{
	archiveVersion = 1;
	classes = {
	};
	objectVersion = 56;
	objects = {

/* Begin PBXBuildFile section */
		27028A9A29883472001E20C5 /* UITableView+Ext.swift in Sources */ = {isa = PBXBuildFile; fileRef = 27028A9929883472001E20C5 /* UITableView+Ext.swift */; };
		27028A9C29883486001E20C5 /* UITableViewCell+Ext.swift in Sources */ = {isa = PBXBuildFile; fileRef = 27028A9B29883486001E20C5 /* UITableViewCell+Ext.swift */; };
		2702A6FA29885360003E9A6D /* LandingCardCell.swift in Sources */ = {isa = PBXBuildFile; fileRef = 2702A6F929885360003E9A6D /* LandingCardCell.swift */; };
		2702A6FC298853EA003E9A6D /* Card.swift in Sources */ = {isa = PBXBuildFile; fileRef = 2702A6FB298853EA003E9A6D /* Card.swift */; };
		27EB85E629875CB3007D41C1 /* AppDelegate.swift in Sources */ = {isa = PBXBuildFile; fileRef = 27EB85E529875CB3007D41C1 /* AppDelegate.swift */; };
		27EB85E829875CB3007D41C1 /* SceneDelegate.swift in Sources */ = {isa = PBXBuildFile; fileRef = 27EB85E729875CB3007D41C1 /* SceneDelegate.swift */; };
		27EB85EA29875CB3007D41C1 /* LandingViewController.swift in Sources */ = {isa = PBXBuildFile; fileRef = 27EB85E929875CB3007D41C1 /* LandingViewController.swift */; };
		27EB85ED29875CB3007D41C1 /* Main.storyboard in Resources */ = {isa = PBXBuildFile; fileRef = 27EB85EB29875CB3007D41C1 /* Main.storyboard */; };
		27EB85EF29875CB4007D41C1 /* Assets.xcassets in Resources */ = {isa = PBXBuildFile; fileRef = 27EB85EE29875CB4007D41C1 /* Assets.xcassets */; };
		27EB85F229875CB4007D41C1 /* LaunchScreen.storyboard in Resources */ = {isa = PBXBuildFile; fileRef = 27EB85F029875CB4007D41C1 /* LaunchScreen.storyboard */; };
		27EB85FB29875D2E007D41C1 /* SnapKit in Frameworks */ = {isa = PBXBuildFile; productRef = 27EB85FA29875D2E007D41C1 /* SnapKit */; };
		27EB860229875DEF007D41C1 /* UIView+Ext.swift in Sources */ = {isa = PBXBuildFile; fileRef = 27EB860129875DEF007D41C1 /* UIView+Ext.swift */; };
		27EB860429875E03007D41C1 /* UIFont+Ext.swift in Sources */ = {isa = PBXBuildFile; fileRef = 27EB860329875E03007D41C1 /* UIFont+Ext.swift */; };
		27EB860629875E70007D41C1 /* AppTabBarController.swift in Sources */ = {isa = PBXBuildFile; fileRef = 27EB860529875E70007D41C1 /* AppTabBarController.swift */; };
		27EB860829875ED5007D41C1 /* VideoViewController.swift in Sources */ = {isa = PBXBuildFile; fileRef = 27EB860729875ED5007D41C1 /* VideoViewController.swift */; };
		27EB860A29875EEB007D41C1 /* MessageViewController.swift in Sources */ = {isa = PBXBuildFile; fileRef = 27EB860929875EEB007D41C1 /* MessageViewController.swift */; };
		27EB860C29875EFC007D41C1 /* InfoViewController.swift in Sources */ = {isa = PBXBuildFile; fileRef = 27EB860B29875EFC007D41C1 /* InfoViewController.swift */; };
		27EB860E2987612F007D41C1 /* ViewFactory.swift in Sources */ = {isa = PBXBuildFile; fileRef = 27EB860D2987612F007D41C1 /* ViewFactory.swift */; };
		27EB861029876330007D41C1 /* LandingViewModel.swift in Sources */ = {isa = PBXBuildFile; fileRef = 27EB860F29876330007D41C1 /* LandingViewModel.swift */; };
/* End PBXBuildFile section */

/* Begin PBXFileReference section */
		27028A9929883472001E20C5 /* UITableView+Ext.swift */ = {isa = PBXFileReference; lastKnownFileType = sourcecode.swift; path = "UITableView+Ext.swift"; sourceTree = "<group>"; };
		27028A9B29883486001E20C5 /* UITableViewCell+Ext.swift */ = {isa = PBXFileReference; lastKnownFileType = sourcecode.swift; path = "UITableViewCell+Ext.swift"; sourceTree = "<group>"; };
		2702A6F929885360003E9A6D /* LandingCardCell.swift */ = {isa = PBXFileReference; lastKnownFileType = sourcecode.swift; path = LandingCardCell.swift; sourceTree = "<group>"; };
		2702A6FB298853EA003E9A6D /* Card.swift */ = {isa = PBXFileReference; lastKnownFileType = sourcecode.swift; path = Card.swift; sourceTree = "<group>"; };
		27EB85E229875CB3007D41C1 /* SomaUIKitOnly.app */ = {isa = PBXFileReference; explicitFileType = wrapper.application; includeInIndex = 0; path = SomaUIKitOnly.app; sourceTree = BUILT_PRODUCTS_DIR; };
		27EB85E529875CB3007D41C1 /* AppDelegate.swift */ = {isa = PBXFileReference; lastKnownFileType = sourcecode.swift; path = AppDelegate.swift; sourceTree = "<group>"; };
		27EB85E729875CB3007D41C1 /* SceneDelegate.swift */ = {isa = PBXFileReference; lastKnownFileType = sourcecode.swift; path = SceneDelegate.swift; sourceTree = "<group>"; };
		27EB85E929875CB3007D41C1 /* LandingViewController.swift */ = {isa = PBXFileReference; lastKnownFileType = sourcecode.swift; path = LandingViewController.swift; sourceTree = "<group>"; };
		27EB85EC29875CB3007D41C1 /* Base */ = {isa = PBXFileReference; lastKnownFileType = file.storyboard; name = Base; path = Base.lproj/Main.storyboard; sourceTree = "<group>"; };
		27EB85EE29875CB4007D41C1 /* Assets.xcassets */ = {isa = PBXFileReference; lastKnownFileType = folder.assetcatalog; path = Assets.xcassets; sourceTree = "<group>"; };
		27EB85F129875CB4007D41C1 /* Base */ = {isa = PBXFileReference; lastKnownFileType = file.storyboard; name = Base; path = Base.lproj/LaunchScreen.storyboard; sourceTree = "<group>"; };
		27EB85F329875CB4007D41C1 /* Info.plist */ = {isa = PBXFileReference; lastKnownFileType = text.plist.xml; path = Info.plist; sourceTree = "<group>"; };
		27EB860129875DEF007D41C1 /* UIView+Ext.swift */ = {isa = PBXFileReference; lastKnownFileType = sourcecode.swift; path = "UIView+Ext.swift"; sourceTree = "<group>"; };
		27EB860329875E03007D41C1 /* UIFont+Ext.swift */ = {isa = PBXFileReference; lastKnownFileType = sourcecode.swift; path = "UIFont+Ext.swift"; sourceTree = "<group>"; };
		27EB860529875E70007D41C1 /* AppTabBarController.swift */ = {isa = PBXFileReference; lastKnownFileType = sourcecode.swift; path = AppTabBarController.swift; sourceTree = "<group>"; };
		27EB860729875ED5007D41C1 /* VideoViewController.swift */ = {isa = PBXFileReference; lastKnownFileType = sourcecode.swift; path = VideoViewController.swift; sourceTree = "<group>"; };
		27EB860929875EEB007D41C1 /* MessageViewController.swift */ = {isa = PBXFileReference; lastKnownFileType = sourcecode.swift; path = MessageViewController.swift; sourceTree = "<group>"; };
		27EB860B29875EFC007D41C1 /* InfoViewController.swift */ = {isa = PBXFileReference; lastKnownFileType = sourcecode.swift; path = InfoViewController.swift; sourceTree = "<group>"; };
		27EB860D2987612F007D41C1 /* ViewFactory.swift */ = {isa = PBXFileReference; lastKnownFileType = sourcecode.swift; path = ViewFactory.swift; sourceTree = "<group>"; };
		27EB860F29876330007D41C1 /* LandingViewModel.swift */ = {isa = PBXFileReference; lastKnownFileType = sourcecode.swift; path = LandingViewModel.swift; sourceTree = "<group>"; };
/* End PBXFileReference section */

/* Begin PBXFrameworksBuildPhase section */
		27EB85DF29875CB3007D41C1 /* Frameworks */ = {
			isa = PBXFrameworksBuildPhase;
			buildActionMask = 2147483647;
			files = (
				27EB85FB29875D2E007D41C1 /* SnapKit in Frameworks */,
			);
			runOnlyForDeploymentPostprocessing = 0;
		};
/* End PBXFrameworksBuildPhase section */

/* Begin PBXGroup section */
		27EB85D929875CB3007D41C1 = {
			isa = PBXGroup;
			children = (
				27EB85E429875CB3007D41C1 /* SomaUIKitOnly */,
				27EB85E329875CB3007D41C1 /* Products */,
			);
			sourceTree = "<group>";
		};
		27EB85E329875CB3007D41C1 /* Products */ = {
			isa = PBXGroup;
			children = (
				27EB85E229875CB3007D41C1 /* SomaUIKitOnly.app */,
			);
			name = Products;
			sourceTree = "<group>";
		};
		27EB85E429875CB3007D41C1 /* SomaUIKitOnly */ = {
			isa = PBXGroup;
			children = (
				27EB85FC29875DC5007D41C1 /* Helpers */,
				27EB85FD29875DC9007D41C1 /* Landing */,
				27EB860029875DDC007D41C1 /* Videos */,
				27EB85FF29875DD6007D41C1 /* Messages */,
				27EB85FE29875DCE007D41C1 /* Info */,
				27EB85E529875CB3007D41C1 /* AppDelegate.swift */,
				27EB85E729875CB3007D41C1 /* SceneDelegate.swift */,
				27EB85EB29875CB3007D41C1 /* Main.storyboard */,
				27EB85EE29875CB4007D41C1 /* Assets.xcassets */,
				27EB85F029875CB4007D41C1 /* LaunchScreen.storyboard */,
				27EB85F329875CB4007D41C1 /* Info.plist */,
				27EB860529875E70007D41C1 /* AppTabBarController.swift */,
			);
			path = SomaUIKitOnly;
			sourceTree = "<group>";
		};
		27EB85FC29875DC5007D41C1 /* Helpers */ = {
			isa = PBXGroup;
			children = (
				27EB860129875DEF007D41C1 /* UIView+Ext.swift */,
				27EB860329875E03007D41C1 /* UIFont+Ext.swift */,
				27EB860D2987612F007D41C1 /* ViewFactory.swift */,
				27028A9929883472001E20C5 /* UITableView+Ext.swift */,
				27028A9B29883486001E20C5 /* UITableViewCell+Ext.swift */,
			);
			path = Helpers;
			sourceTree = "<group>";
		};
		27EB85FD29875DC9007D41C1 /* Landing */ = {
			isa = PBXGroup;
			children = (
				27EB85E929875CB3007D41C1 /* LandingViewController.swift */,
				27EB860F29876330007D41C1 /* LandingViewModel.swift */,
				2702A6F929885360003E9A6D /* LandingCardCell.swift */,
				2702A6FB298853EA003E9A6D /* Card.swift */,
			);
			path = Landing;
			sourceTree = "<group>";
		};
		27EB85FE29875DCE007D41C1 /* Info */ = {
			isa = PBXGroup;
			children = (
				27EB860B29875EFC007D41C1 /* InfoViewController.swift */,
			);
			path = Info;
			sourceTree = "<group>";
		};
		27EB85FF29875DD6007D41C1 /* Messages */ = {
			isa = PBXGroup;
			children = (
				27EB860929875EEB007D41C1 /* MessageViewController.swift */,
			);
			path = Messages;
			sourceTree = "<group>";
		};
		27EB860029875DDC007D41C1 /* Videos */ = {
			isa = PBXGroup;
			children = (
				27EB860729875ED5007D41C1 /* VideoViewController.swift */,
			);
			path = Videos;
			sourceTree = "<group>";
		};
/* End PBXGroup section */

/* Begin PBXNativeTarget section */
		27EB85E129875CB3007D41C1 /* SomaUIKitOnly */ = {
			isa = PBXNativeTarget;
			buildConfigurationList = 27EB85F629875CB4007D41C1 /* Build configuration list for PBXNativeTarget "SomaUIKitOnly" */;
			buildPhases = (
				27EB85DE29875CB3007D41C1 /* Sources */,
				27EB85DF29875CB3007D41C1 /* Frameworks */,
				27EB85E029875CB3007D41C1 /* Resources */,
			);
			buildRules = (
			);
			dependencies = (
			);
			name = SomaUIKitOnly;
			packageProductDependencies = (
				27EB85FA29875D2E007D41C1 /* SnapKit */,
			);
			productName = SomaUIKitOnly;
			productReference = 27EB85E229875CB3007D41C1 /* SomaUIKitOnly.app */;
			productType = "com.apple.product-type.application";
		};
/* End PBXNativeTarget section */

/* Begin PBXProject section */
		27EB85DA29875CB3007D41C1 /* Project object */ = {
			isa = PBXProject;
			attributes = {
				BuildIndependentTargetsInParallel = 1;
				LastSwiftUpdateCheck = 1420;
				LastUpgradeCheck = 1420;
				TargetAttributes = {
					27EB85E129875CB3007D41C1 = {
						CreatedOnToolsVersion = 14.2;
					};
				};
			};
			buildConfigurationList = 27EB85DD29875CB3007D41C1 /* Build configuration list for PBXProject "SomaUIKitOnly" */;
			compatibilityVersion = "Xcode 14.0";
			developmentRegion = en;
			hasScannedForEncodings = 0;
			knownRegions = (
				en,
				Base,
			);
			mainGroup = 27EB85D929875CB3007D41C1;
			packageReferences = (
				27EB85F929875D2E007D41C1 /* XCRemoteSwiftPackageReference "SnapKit" */,
			);
			productRefGroup = 27EB85E329875CB3007D41C1 /* Products */;
			projectDirPath = "";
			projectRoot = "";
			targets = (
				27EB85E129875CB3007D41C1 /* SomaUIKitOnly */,
			);
		};
/* End PBXProject section */

/* Begin PBXResourcesBuildPhase section */
		27EB85E029875CB3007D41C1 /* Resources */ = {
			isa = PBXResourcesBuildPhase;
			buildActionMask = 2147483647;
			files = (
				27EB85F229875CB4007D41C1 /* LaunchScreen.storyboard in Resources */,
				27EB85EF29875CB4007D41C1 /* Assets.xcassets in Resources */,
				27EB85ED29875CB3007D41C1 /* Main.storyboard in Resources */,
			);
			runOnlyForDeploymentPostprocessing = 0;
		};
/* End PBXResourcesBuildPhase section */

/* Begin PBXSourcesBuildPhase section */
		27EB85DE29875CB3007D41C1 /* Sources */ = {
			isa = PBXSourcesBuildPhase;
			buildActionMask = 2147483647;
			files = (
				27028A9C29883486001E20C5 /* UITableViewCell+Ext.swift in Sources */,
				27EB860229875DEF007D41C1 /* UIView+Ext.swift in Sources */,
				27EB860829875ED5007D41C1 /* VideoViewController.swift in Sources */,
				27EB860A29875EEB007D41C1 /* MessageViewController.swift in Sources */,
				27EB85EA29875CB3007D41C1 /* LandingViewController.swift in Sources */,
				27EB860C29875EFC007D41C1 /* InfoViewController.swift in Sources */,
				27EB85E629875CB3007D41C1 /* AppDelegate.swift in Sources */,
				2702A6FC298853EA003E9A6D /* Card.swift in Sources */,
				27EB861029876330007D41C1 /* LandingViewModel.swift in Sources */,
				27EB860629875E70007D41C1 /* AppTabBarController.swift in Sources */,
				2702A6FA29885360003E9A6D /* LandingCardCell.swift in Sources */,
				27EB860E2987612F007D41C1 /* ViewFactory.swift in Sources */,
				27EB85E829875CB3007D41C1 /* SceneDelegate.swift in Sources */,
				27028A9A29883472001E20C5 /* UITableView+Ext.swift in Sources */,
				27EB860429875E03007D41C1 /* UIFont+Ext.swift in Sources */,
			);
			runOnlyForDeploymentPostprocessing = 0;
		};
/* End PBXSourcesBuildPhase section */

/* Begin PBXVariantGroup section */
		27EB85EB29875CB3007D41C1 /* Main.storyboard */ = {
			isa = PBXVariantGroup;
			children = (
				27EB85EC29875CB3007D41C1 /* Base */,
			);
			name = Main.storyboard;
			sourceTree = "<group>";
		};
		27EB85F029875CB4007D41C1 /* LaunchScreen.storyboard */ = {
			isa = PBXVariantGroup;
			children = (
				27EB85F129875CB4007D41C1 /* Base */,
			);
			name = LaunchScreen.storyboard;
			sourceTree = "<group>";
		};
/* End PBXVariantGroup section */

/* Begin XCBuildConfiguration section */
		27EB85F429875CB4007D41C1 /* Debug */ = {
			isa = XCBuildConfiguration;
			buildSettings = {
				ALWAYS_SEARCH_USER_PATHS = NO;
				CLANG_ANALYZER_NONNULL = YES;
				CLANG_ANALYZER_NUMBER_OBJECT_CONVERSION = YES_AGGRESSIVE;
				CLANG_CXX_LANGUAGE_STANDARD = "gnu++20";
				CLANG_ENABLE_MODULES = YES;
				CLANG_ENABLE_OBJC_ARC = YES;
				CLANG_ENABLE_OBJC_WEAK = YES;
				CLANG_WARN_BLOCK_CAPTURE_AUTORELEASING = YES;
				CLANG_WARN_BOOL_CONVERSION = YES;
				CLANG_WARN_COMMA = YES;
				CLANG_WARN_CONSTANT_CONVERSION = YES;
				CLANG_WARN_DEPRECATED_OBJC_IMPLEMENTATIONS = YES;
				CLANG_WARN_DIRECT_OBJC_ISA_USAGE = YES_ERROR;
				CLANG_WARN_DOCUMENTATION_COMMENTS = YES;
				CLANG_WARN_EMPTY_BODY = YES;
				CLANG_WARN_ENUM_CONVERSION = YES;
				CLANG_WARN_INFINITE_RECURSION = YES;
				CLANG_WARN_INT_CONVERSION = YES;
				CLANG_WARN_NON_LITERAL_NULL_CONVERSION = YES;
				CLANG_WARN_OBJC_IMPLICIT_RETAIN_SELF = YES;
				CLANG_WARN_OBJC_LITERAL_CONVERSION = YES;
				CLANG_WARN_OBJC_ROOT_CLASS = YES_ERROR;
				CLANG_WARN_QUOTED_INCLUDE_IN_FRAMEWORK_HEADER = YES;
				CLANG_WARN_RANGE_LOOP_ANALYSIS = YES;
				CLANG_WARN_STRICT_PROTOTYPES = YES;
				CLANG_WARN_SUSPICIOUS_MOVE = YES;
				CLANG_WARN_UNGUARDED_AVAILABILITY = YES_AGGRESSIVE;
				CLANG_WARN_UNREACHABLE_CODE = YES;
				CLANG_WARN__DUPLICATE_METHOD_MATCH = YES;
				COPY_PHASE_STRIP = NO;
				DEBUG_INFORMATION_FORMAT = dwarf;
				ENABLE_STRICT_OBJC_MSGSEND = YES;
				ENABLE_TESTABILITY = YES;
				GCC_C_LANGUAGE_STANDARD = gnu11;
				GCC_DYNAMIC_NO_PIC = NO;
				GCC_NO_COMMON_BLOCKS = YES;
				GCC_OPTIMIZATION_LEVEL = 0;
				GCC_PREPROCESSOR_DEFINITIONS = (
					"DEBUG=1",
					"$(inherited)",
				);
				GCC_WARN_64_TO_32_BIT_CONVERSION = YES;
				GCC_WARN_ABOUT_RETURN_TYPE = YES_ERROR;
				GCC_WARN_UNDECLARED_SELECTOR = YES;
				GCC_WARN_UNINITIALIZED_AUTOS = YES_AGGRESSIVE;
				GCC_WARN_UNUSED_FUNCTION = YES;
				GCC_WARN_UNUSED_VARIABLE = YES;
				IPHONEOS_DEPLOYMENT_TARGET = 16.2;
				MTL_ENABLE_DEBUG_INFO = INCLUDE_SOURCE;
				MTL_FAST_MATH = YES;
				ONLY_ACTIVE_ARCH = YES;
				SDKROOT = iphoneos;
				SWIFT_ACTIVE_COMPILATION_CONDITIONS = DEBUG;
				SWIFT_OPTIMIZATION_LEVEL = "-Onone";
			};
			name = Debug;
		};
		27EB85F529875CB4007D41C1 /* Release */ = {
			isa = XCBuildConfiguration;
			buildSettings = {
				ALWAYS_SEARCH_USER_PATHS = NO;
				CLANG_ANALYZER_NONNULL = YES;
				CLANG_ANALYZER_NUMBER_OBJECT_CONVERSION = YES_AGGRESSIVE;
				CLANG_CXX_LANGUAGE_STANDARD = "gnu++20";
				CLANG_ENABLE_MODULES = YES;
				CLANG_ENABLE_OBJC_ARC = YES;
				CLANG_ENABLE_OBJC_WEAK = YES;
				CLANG_WARN_BLOCK_CAPTURE_AUTORELEASING = YES;
				CLANG_WARN_BOOL_CONVERSION = YES;
				CLANG_WARN_COMMA = YES;
				CLANG_WARN_CONSTANT_CONVERSION = YES;
				CLANG_WARN_DEPRECATED_OBJC_IMPLEMENTATIONS = YES;
				CLANG_WARN_DIRECT_OBJC_ISA_USAGE = YES_ERROR;
				CLANG_WARN_DOCUMENTATION_COMMENTS = YES;
				CLANG_WARN_EMPTY_BODY = YES;
				CLANG_WARN_ENUM_CONVERSION = YES;
				CLANG_WARN_INFINITE_RECURSION = YES;
				CLANG_WARN_INT_CONVERSION = YES;
				CLANG_WARN_NON_LITERAL_NULL_CONVERSION = YES;
				CLANG_WARN_OBJC_IMPLICIT_RETAIN_SELF = YES;
				CLANG_WARN_OBJC_LITERAL_CONVERSION = YES;
				CLANG_WARN_OBJC_ROOT_CLASS = YES_ERROR;
				CLANG_WARN_QUOTED_INCLUDE_IN_FRAMEWORK_HEADER = YES;
				CLANG_WARN_RANGE_LOOP_ANALYSIS = YES;
				CLANG_WARN_STRICT_PROTOTYPES = YES;
				CLANG_WARN_SUSPICIOUS_MOVE = YES;
				CLANG_WARN_UNGUARDED_AVAILABILITY = YES_AGGRESSIVE;
				CLANG_WARN_UNREACHABLE_CODE = YES;
				CLANG_WARN__DUPLICATE_METHOD_MATCH = YES;
				COPY_PHASE_STRIP = NO;
				DEBUG_INFORMATION_FORMAT = "dwarf-with-dsym";
				ENABLE_NS_ASSERTIONS = NO;
				ENABLE_STRICT_OBJC_MSGSEND = YES;
				GCC_C_LANGUAGE_STANDARD = gnu11;
				GCC_NO_COMMON_BLOCKS = YES;
				GCC_WARN_64_TO_32_BIT_CONVERSION = YES;
				GCC_WARN_ABOUT_RETURN_TYPE = YES_ERROR;
				GCC_WARN_UNDECLARED_SELECTOR = YES;
				GCC_WARN_UNINITIALIZED_AUTOS = YES_AGGRESSIVE;
				GCC_WARN_UNUSED_FUNCTION = YES;
				GCC_WARN_UNUSED_VARIABLE = YES;
				IPHONEOS_DEPLOYMENT_TARGET = 16.2;
				MTL_ENABLE_DEBUG_INFO = NO;
				MTL_FAST_MATH = YES;
				SDKROOT = iphoneos;
				SWIFT_COMPILATION_MODE = wholemodule;
				SWIFT_OPTIMIZATION_LEVEL = "-O";
				VALIDATE_PRODUCT = YES;
			};
			name = Release;
		};
		27EB85F729875CB4007D41C1 /* Debug */ = {
			isa = XCBuildConfiguration;
			buildSettings = {
				ASSETCATALOG_COMPILER_APPICON_NAME = AppIcon;
				ASSETCATALOG_COMPILER_GLOBAL_ACCENT_COLOR_NAME = AccentColor;
				CODE_SIGN_STYLE = Automatic;
				CURRENT_PROJECT_VERSION = 1;
				DEVELOPMENT_TEAM = 8WJZH74XAS;
				GENERATE_INFOPLIST_FILE = YES;
				INFOPLIST_FILE = SomaUIKitOnly/Info.plist;
				INFOPLIST_KEY_UIApplicationSupportsIndirectInputEvents = YES;
				INFOPLIST_KEY_UILaunchStoryboardName = LaunchScreen;
				INFOPLIST_KEY_UIMainStoryboardFile = "";
				INFOPLIST_KEY_UISupportedInterfaceOrientations_iPad = "UIInterfaceOrientationPortrait UIInterfaceOrientationPortraitUpsideDown UIInterfaceOrientationLandscapeLeft UIInterfaceOrientationLandscapeRight";
				INFOPLIST_KEY_UISupportedInterfaceOrientations_iPhone = "UIInterfaceOrientationPortrait UIInterfaceOrientationLandscapeLeft UIInterfaceOrientationLandscapeRight";
				LD_RUNPATH_SEARCH_PATHS = (
					"$(inherited)",
					"@executable_path/Frameworks",
				);
				MARKETING_VERSION = 1.0;
				PRODUCT_BUNDLE_IDENTIFIER = com.mbdev.SomaUIKitOnly;
				PRODUCT_NAME = "$(TARGET_NAME)";
				SWIFT_EMIT_LOC_STRINGS = YES;
				SWIFT_VERSION = 5.0;
				TARGETED_DEVICE_FAMILY = "1,2";
			};
			name = Debug;
		};
		27EB85F829875CB4007D41C1 /* Release */ = {
			isa = XCBuildConfiguration;
			buildSettings = {
				ASSETCATALOG_COMPILER_APPICON_NAME = AppIcon;
				ASSETCATALOG_COMPILER_GLOBAL_ACCENT_COLOR_NAME = AccentColor;
				CODE_SIGN_STYLE = Automatic;
				CURRENT_PROJECT_VERSION = 1;
				DEVELOPMENT_TEAM = 8WJZH74XAS;
				GENERATE_INFOPLIST_FILE = YES;
				INFOPLIST_FILE = SomaUIKitOnly/Info.plist;
				INFOPLIST_KEY_UIApplicationSupportsIndirectInputEvents = YES;
				INFOPLIST_KEY_UILaunchStoryboardName = LaunchScreen;
				INFOPLIST_KEY_UIMainStoryboardFile = "";
				INFOPLIST_KEY_UISupportedInterfaceOrientations_iPad = "UIInterfaceOrientationPortrait UIInterfaceOrientationPortraitUpsideDown UIInterfaceOrientationLandscapeLeft UIInterfaceOrientationLandscapeRight";
				INFOPLIST_KEY_UISupportedInterfaceOrientations_iPhone = "UIInterfaceOrientationPortrait UIInterfaceOrientationLandscapeLeft UIInterfaceOrientationLandscapeRight";
				LD_RUNPATH_SEARCH_PATHS = (
					"$(inherited)",
					"@executable_path/Frameworks",
				);
				MARKETING_VERSION = 1.0;
				PRODUCT_BUNDLE_IDENTIFIER = com.mbdev.SomaUIKitOnly;
				PRODUCT_NAME = "$(TARGET_NAME)";
				SWIFT_EMIT_LOC_STRINGS = YES;
				SWIFT_VERSION = 5.0;
				TARGETED_DEVICE_FAMILY = "1,2";
			};
			name = Release;
		};
/* End XCBuildConfiguration section */

/* Begin XCConfigurationList section */
		27EB85DD29875CB3007D41C1 /* Build configuration list for PBXProject "SomaUIKitOnly" */ = {
			isa = XCConfigurationList;
			buildConfigurations = (
				27EB85F429875CB4007D41C1 /* Debug */,
				27EB85F529875CB4007D41C1 /* Release */,
			);
			defaultConfigurationIsVisible = 0;
			defaultConfigurationName = Release;
		};
		27EB85F629875CB4007D41C1 /* Build configuration list for PBXNativeTarget "SomaUIKitOnly" */ = {
			isa = XCConfigurationList;
			buildConfigurations = (
				27EB85F729875CB4007D41C1 /* Debug */,
				27EB85F829875CB4007D41C1 /* Release */,
			);
			defaultConfigurationIsVisible = 0;
			defaultConfigurationName = Release;
		};
/* End XCConfigurationList section */

/* Begin XCRemoteSwiftPackageReference section */
		27EB85F929875D2E007D41C1 /* XCRemoteSwiftPackageReference "SnapKit" */ = {
			isa = XCRemoteSwiftPackageReference;
			repositoryURL = "https://github.com/SnapKit/SnapKit.git";
			requirement = {
				kind = upToNextMajorVersion;
				minimumVersion = 5.0.0;
			};
		};
/* End XCRemoteSwiftPackageReference section */

/* Begin XCSwiftPackageProductDependency section */
		27EB85FA29875D2E007D41C1 /* SnapKit */ = {
			isa = XCSwiftPackageProductDependency;
			package = 27EB85F929875D2E007D41C1 /* XCRemoteSwiftPackageReference "SnapKit" */;
			productName = SnapKit;
		};
/* End XCSwiftPackageProductDependency section */
	};
	rootObject = 27EB85DA29875CB3007D41C1 /* Project object */;
}
