// !$*UTF8*$!
{
	archiveVersion = 1;
	classes = {
	};
	objectVersion = 56;
	objects = {

/* Begin PBXBuildFile section */
		271ABCB22985ABE800B70204 /* SomaSwiftUIApp.swift in Sources */ = {isa = PBXBuildFile; fileRef = 271ABCB12985ABE800B70204 /* SomaSwiftUIApp.swift */; };
		271ABCB42985ABE800B70204 /* WelcomeView.swift in Sources */ = {isa = PBXBuildFile; fileRef = 271ABCB32985ABE800B70204 /* WelcomeView.swift */; };
		271ABCB62985ABE900B70204 /* Assets.xcassets in Resources */ = {isa = PBXBuildFile; fileRef = 271ABCB52985ABE900B70204 /* Assets.xcassets */; };
		271ABCB92985ABE900B70204 /* Preview Assets.xcassets in Resources */ = {isa = PBXBuildFile; fileRef = 271ABCB82985ABE900B70204 /* Preview Assets.xcassets */; };
		271ABCC42985ACD800B70204 /* WelcomeVM.swift in Sources */ = {isa = PBXBuildFile; fileRef = 271ABCC32985ACD800B70204 /* WelcomeVM.swift */; };
		271ABCC62985ACDF00B70204 /* VideoView.swift in Sources */ = {isa = PBXBuildFile; fileRef = 271ABCC52985ACDF00B70204 /* VideoView.swift */; };
		271ABCC82985ACE700B70204 /* MessageView.swift in Sources */ = {isa = PBXBuildFile; fileRef = 271ABCC72985ACE700B70204 /* MessageView.swift */; };
		271ABCCA2985ACF300B70204 /* InfoView.swift in Sources */ = {isa = PBXBuildFile; fileRef = 271ABCC92985ACF300B70204 /* InfoView.swift */; };
		271ABCCC2985ACF900B70204 /* VideoVM.swift in Sources */ = {isa = PBXBuildFile; fileRef = 271ABCCB2985ACF900B70204 /* VideoVM.swift */; };
		271ABCCE2985AD0100B70204 /* MessageVM.swift in Sources */ = {isa = PBXBuildFile; fileRef = 271ABCCD2985AD0100B70204 /* MessageVM.swift */; };
		271ABCD02985AD0600B70204 /* InfoVM.swift in Sources */ = {isa = PBXBuildFile; fileRef = 271ABCCF2985AD0600B70204 /* InfoVM.swift */; };
/* End PBXBuildFile section */

/* Begin PBXFileReference section */
		271ABCAE2985ABE800B70204 /* SomaSwiftUI.app */ = {isa = PBXFileReference; explicitFileType = wrapper.application; includeInIndex = 0; path = SomaSwiftUI.app; sourceTree = BUILT_PRODUCTS_DIR; };
		271ABCB12985ABE800B70204 /* SomaSwiftUIApp.swift */ = {isa = PBXFileReference; lastKnownFileType = sourcecode.swift; path = SomaSwiftUIApp.swift; sourceTree = "<group>"; };
		271ABCB32985ABE800B70204 /* WelcomeView.swift */ = {isa = PBXFileReference; lastKnownFileType = sourcecode.swift; path = WelcomeView.swift; sourceTree = "<group>"; };
		271ABCB52985ABE900B70204 /* Assets.xcassets */ = {isa = PBXFileReference; lastKnownFileType = folder.assetcatalog; path = Assets.xcassets; sourceTree = "<group>"; };
		271ABCB82985ABE900B70204 /* Preview Assets.xcassets */ = {isa = PBXFileReference; lastKnownFileType = folder.assetcatalog; path = "Preview Assets.xcassets"; sourceTree = "<group>"; };
		271ABCC32985ACD800B70204 /* WelcomeVM.swift */ = {isa = PBXFileReference; lastKnownFileType = sourcecode.swift; path = WelcomeVM.swift; sourceTree = "<group>"; };
		271ABCC52985ACDF00B70204 /* VideoView.swift */ = {isa = PBXFileReference; lastKnownFileType = sourcecode.swift; path = VideoView.swift; sourceTree = "<group>"; };
		271ABCC72985ACE700B70204 /* MessageView.swift */ = {isa = PBXFileReference; lastKnownFileType = sourcecode.swift; path = MessageView.swift; sourceTree = "<group>"; };
		271ABCC92985ACF300B70204 /* InfoView.swift */ = {isa = PBXFileReference; lastKnownFileType = sourcecode.swift; path = InfoView.swift; sourceTree = "<group>"; };
		271ABCCB2985ACF900B70204 /* VideoVM.swift */ = {isa = PBXFileReference; lastKnownFileType = sourcecode.swift; path = VideoVM.swift; sourceTree = "<group>"; };
		271ABCCD2985AD0100B70204 /* MessageVM.swift */ = {isa = PBXFileReference; lastKnownFileType = sourcecode.swift; path = MessageVM.swift; sourceTree = "<group>"; };
		271ABCCF2985AD0600B70204 /* InfoVM.swift */ = {isa = PBXFileReference; lastKnownFileType = sourcecode.swift; path = InfoVM.swift; sourceTree = "<group>"; };
/* End PBXFileReference section */

/* Begin PBXFrameworksBuildPhase section */
		271ABCAB2985ABE800B70204 /* Frameworks */ = {
			isa = PBXFrameworksBuildPhase;
			buildActionMask = 2147483647;
			files = (
			);
			runOnlyForDeploymentPostprocessing = 0;
		};
/* End PBXFrameworksBuildPhase section */

/* Begin PBXGroup section */
		271ABCA52985ABE800B70204 = {
			isa = PBXGroup;
			children = (
				271ABCB02985ABE800B70204 /* SomaSwiftUI */,
				271ABCAF2985ABE800B70204 /* Products */,
			);
			sourceTree = "<group>";
		};
		271ABCAF2985ABE800B70204 /* Products */ = {
			isa = PBXGroup;
			children = (
				271ABCAE2985ABE800B70204 /* SomaSwiftUI.app */,
			);
			name = Products;
			sourceTree = "<group>";
		};
		271ABCB02985ABE800B70204 /* SomaSwiftUI */ = {
			isa = PBXGroup;
			children = (
				271ABCBF2985ACAB00B70204 /* Welcome */,
				271ABCC22985ACBA00B70204 /* Video */,
				271ABCC12985ACB500B70204 /* Message */,
				271ABCC02985ACB000B70204 /* Info */,
				271ABCB12985ABE800B70204 /* SomaSwiftUIApp.swift */,
				271ABCB52985ABE900B70204 /* Assets.xcassets */,
				271ABCB72985ABE900B70204 /* Preview Content */,
			);
			path = SomaSwiftUI;
			sourceTree = "<group>";
		};
		271ABCB72985ABE900B70204 /* Preview Content */ = {
			isa = PBXGroup;
			children = (
				271ABCB82985ABE900B70204 /* Preview Assets.xcassets */,
			);
			path = "Preview Content";
			sourceTree = "<group>";
		};
		271ABCBF2985ACAB00B70204 /* Welcome */ = {
			isa = PBXGroup;
			children = (
				271ABCB32985ABE800B70204 /* WelcomeView.swift */,
				271ABCC32985ACD800B70204 /* WelcomeVM.swift */,
			);
			path = Welcome;
			sourceTree = "<group>";
		};
		271ABCC02985ACB000B70204 /* Info */ = {
			isa = PBXGroup;
			children = (
				271ABCC92985ACF300B70204 /* InfoView.swift */,
				271ABCCF2985AD0600B70204 /* InfoVM.swift */,
			);
			path = Info;
			sourceTree = "<group>";
		};
		271ABCC12985ACB500B70204 /* Message */ = {
			isa = PBXGroup;
			children = (
				271ABCC72985ACE700B70204 /* MessageView.swift */,
				271ABCCD2985AD0100B70204 /* MessageVM.swift */,
			);
			path = Message;
			sourceTree = "<group>";
		};
		271ABCC22985ACBA00B70204 /* Video */ = {
			isa = PBXGroup;
			children = (
				271ABCC52985ACDF00B70204 /* VideoView.swift */,
				271ABCCB2985ACF900B70204 /* VideoVM.swift */,
			);
			path = Video;
			sourceTree = "<group>";
		};
/* End PBXGroup section */

/* Begin PBXNativeTarget section */
		271ABCAD2985ABE800B70204 /* SomaSwiftUI */ = {
			isa = PBXNativeTarget;
			buildConfigurationList = 271ABCBC2985ABE900B70204 /* Build configuration list for PBXNativeTarget "SomaSwiftUI" */;
			buildPhases = (
				271ABCAA2985ABE800B70204 /* Sources */,
				271ABCAB2985ABE800B70204 /* Frameworks */,
				271ABCAC2985ABE800B70204 /* Resources */,
			);
			buildRules = (
			);
			dependencies = (
			);
			name = SomaSwiftUI;
			productName = SomaSwiftUI;
			productReference = 271ABCAE2985ABE800B70204 /* SomaSwiftUI.app */;
			productType = "com.apple.product-type.application";
		};
/* End PBXNativeTarget section */

/* Begin PBXProject section */
		271ABCA62985ABE800B70204 /* Project object */ = {
			isa = PBXProject;
			attributes = {
				BuildIndependentTargetsInParallel = 1;
				LastSwiftUpdateCheck = 1420;
				LastUpgradeCheck = 1420;
				TargetAttributes = {
					271ABCAD2985ABE800B70204 = {
						CreatedOnToolsVersion = 14.2;
					};
				};
			};
			buildConfigurationList = 271ABCA92985ABE800B70204 /* Build configuration list for PBXProject "SomaSwiftUI" */;
			compatibilityVersion = "Xcode 14.0";
			developmentRegion = en;
			hasScannedForEncodings = 0;
			knownRegions = (
				en,
				Base,
			);
			mainGroup = 271ABCA52985ABE800B70204;
			productRefGroup = 271ABCAF2985ABE800B70204 /* Products */;
			projectDirPath = "";
			projectRoot = "";
			targets = (
				271ABCAD2985ABE800B70204 /* SomaSwiftUI */,
			);
		};
/* End PBXProject section */

/* Begin PBXResourcesBuildPhase section */
		271ABCAC2985ABE800B70204 /* Resources */ = {
			isa = PBXResourcesBuildPhase;
			buildActionMask = 2147483647;
			files = (
				271ABCB92985ABE900B70204 /* Preview Assets.xcassets in Resources */,
				271ABCB62985ABE900B70204 /* Assets.xcassets in Resources */,
			);
			runOnlyForDeploymentPostprocessing = 0;
		};
/* End PBXResourcesBuildPhase section */

/* Begin PBXSourcesBuildPhase section */
		271ABCAA2985ABE800B70204 /* Sources */ = {
			isa = PBXSourcesBuildPhase;
			buildActionMask = 2147483647;
			files = (
				271ABCC62985ACDF00B70204 /* VideoView.swift in Sources */,
				271ABCB42985ABE800B70204 /* WelcomeView.swift in Sources */,
				271ABCCE2985AD0100B70204 /* MessageVM.swift in Sources */,
				271ABCCC2985ACF900B70204 /* VideoVM.swift in Sources */,
				271ABCD02985AD0600B70204 /* InfoVM.swift in Sources */,
				271ABCC42985ACD800B70204 /* WelcomeVM.swift in Sources */,
				271ABCB22985ABE800B70204 /* SomaSwiftUIApp.swift in Sources */,
				271ABCCA2985ACF300B70204 /* InfoView.swift in Sources */,
				271ABCC82985ACE700B70204 /* MessageView.swift in Sources */,
			);
			runOnlyForDeploymentPostprocessing = 0;
		};
/* End PBXSourcesBuildPhase section */

/* Begin XCBuildConfiguration section */
		271ABCBA2985ABE900B70204 /* Debug */ = {
			isa = XCBuildConfiguration;
			buildSettings = {
				ALWAYS_SEARCH_USER_PATHS = NO;
				CLANG_ANALYZER_NONNULL = YES;
				CLANG_ANALYZER_NUMBER_OBJECT_CONVERSION = YES_AGGRESSIVE;
				CLANG_CXX_LANGUAGE_STANDARD = "gnu++20";
				CLANG_ENABLE_MODULES = YES;
				CLANG_ENABLE_OBJC_ARC = YES;
				CLANG_ENABLE_OBJC_WEAK = YES;
				CLANG_WARN_BLOCK_CAPTURE_AUTORELEASING = YES;
				CLANG_WARN_BOOL_CONVERSION = YES;
				CLANG_WARN_COMMA = YES;
				CLANG_WARN_CONSTANT_CONVERSION = YES;
				CLANG_WARN_DEPRECATED_OBJC_IMPLEMENTATIONS = YES;
				CLANG_WARN_DIRECT_OBJC_ISA_USAGE = YES_ERROR;
				CLANG_WARN_DOCUMENTATION_COMMENTS = YES;
				CLANG_WARN_EMPTY_BODY = YES;
				CLANG_WARN_ENUM_CONVERSION = YES;
				CLANG_WARN_INFINITE_RECURSION = YES;
				CLANG_WARN_INT_CONVERSION = YES;
				CLANG_WARN_NON_LITERAL_NULL_CONVERSION = YES;
				CLANG_WARN_OBJC_IMPLICIT_RETAIN_SELF = YES;
				CLANG_WARN_OBJC_LITERAL_CONVERSION = YES;
				CLANG_WARN_OBJC_ROOT_CLASS = YES_ERROR;
				CLANG_WARN_QUOTED_INCLUDE_IN_FRAMEWORK_HEADER = YES;
				CLANG_WARN_RANGE_LOOP_ANALYSIS = YES;
				CLANG_WARN_STRICT_PROTOTYPES = YES;
				CLANG_WARN_SUSPICIOUS_MOVE = YES;
				CLANG_WARN_UNGUARDED_AVAILABILITY = YES_AGGRESSIVE;
				CLANG_WARN_UNREACHABLE_CODE = YES;
				CLANG_WARN__DUPLICATE_METHOD_MATCH = YES;
				COPY_PHASE_STRIP = NO;
				DEBUG_INFORMATION_FORMAT = dwarf;
				ENABLE_STRICT_OBJC_MSGSEND = YES;
				ENABLE_TESTABILITY = YES;
				GCC_C_LANGUAGE_STANDARD = gnu11;
				GCC_DYNAMIC_NO_PIC = NO;
				GCC_NO_COMMON_BLOCKS = YES;
				GCC_OPTIMIZATION_LEVEL = 0;
				GCC_PREPROCESSOR_DEFINITIONS = (
					"DEBUG=1",
					"$(inherited)",
				);
				GCC_WARN_64_TO_32_BIT_CONVERSION = YES;
				GCC_WARN_ABOUT_RETURN_TYPE = YES_ERROR;
				GCC_WARN_UNDECLARED_SELECTOR = YES;
				GCC_WARN_UNINITIALIZED_AUTOS = YES_AGGRESSIVE;
				GCC_WARN_UNUSED_FUNCTION = YES;
				GCC_WARN_UNUSED_VARIABLE = YES;
				IPHONEOS_DEPLOYMENT_TARGET = 16.2;
				MTL_ENABLE_DEBUG_INFO = INCLUDE_SOURCE;
				MTL_FAST_MATH = YES;
				ONLY_ACTIVE_ARCH = YES;
				SDKROOT = iphoneos;
				SWIFT_ACTIVE_COMPILATION_CONDITIONS = DEBUG;
				SWIFT_OPTIMIZATION_LEVEL = "-Onone";
			};
			name = Debug;
		};
		271ABCBB2985ABE900B70204 /* Release */ = {
			isa = XCBuildConfiguration;
			buildSettings = {
				ALWAYS_SEARCH_USER_PATHS = NO;
				CLANG_ANALYZER_NONNULL = YES;
				CLANG_ANALYZER_NUMBER_OBJECT_CONVERSION = YES_AGGRESSIVE;
				CLANG_CXX_LANGUAGE_STANDARD = "gnu++20";
				CLANG_ENABLE_MODULES = YES;
				CLANG_ENABLE_OBJC_ARC = YES;
				CLANG_ENABLE_OBJC_WEAK = YES;
				CLANG_WARN_BLOCK_CAPTURE_AUTORELEASING = YES;
				CLANG_WARN_BOOL_CONVERSION = YES;
				CLANG_WARN_COMMA = YES;
				CLANG_WARN_CONSTANT_CONVERSION = YES;
				CLANG_WARN_DEPRECATED_OBJC_IMPLEMENTATIONS = YES;
				CLANG_WARN_DIRECT_OBJC_ISA_USAGE = YES_ERROR;
				CLANG_WARN_DOCUMENTATION_COMMENTS = YES;
				CLANG_WARN_EMPTY_BODY = YES;
				CLANG_WARN_ENUM_CONVERSION = YES;
				CLANG_WARN_INFINITE_RECURSION = YES;
				CLANG_WARN_INT_CONVERSION = YES;
				CLANG_WARN_NON_LITERAL_NULL_CONVERSION = YES;
				CLANG_WARN_OBJC_IMPLICIT_RETAIN_SELF = YES;
				CLANG_WARN_OBJC_LITERAL_CONVERSION = YES;
				CLANG_WARN_OBJC_ROOT_CLASS = YES_ERROR;
				CLANG_WARN_QUOTED_INCLUDE_IN_FRAMEWORK_HEADER = YES;
				CLANG_WARN_RANGE_LOOP_ANALYSIS = YES;
				CLANG_WARN_STRICT_PROTOTYPES = YES;
				CLANG_WARN_SUSPICIOUS_MOVE = YES;
				CLANG_WARN_UNGUARDED_AVAILABILITY = YES_AGGRESSIVE;
				CLANG_WARN_UNREACHABLE_CODE = YES;
				CLANG_WARN__DUPLICATE_METHOD_MATCH = YES;
				COPY_PHASE_STRIP = NO;
				DEBUG_INFORMATION_FORMAT = "dwarf-with-dsym";
				ENABLE_NS_ASSERTIONS = NO;
				ENABLE_STRICT_OBJC_MSGSEND = YES;
				GCC_C_LANGUAGE_STANDARD = gnu11;
				GCC_NO_COMMON_BLOCKS = YES;
				GCC_WARN_64_TO_32_BIT_CONVERSION = YES;
				GCC_WARN_ABOUT_RETURN_TYPE = YES_ERROR;
				GCC_WARN_UNDECLARED_SELECTOR = YES;
				GCC_WARN_UNINITIALIZED_AUTOS = YES_AGGRESSIVE;
				GCC_WARN_UNUSED_FUNCTION = YES;
				GCC_WARN_UNUSED_VARIABLE = YES;
				IPHONEOS_DEPLOYMENT_TARGET = 16.2;
				MTL_ENABLE_DEBUG_INFO = NO;
				MTL_FAST_MATH = YES;
				SDKROOT = iphoneos;
				SWIFT_COMPILATION_MODE = wholemodule;
				SWIFT_OPTIMIZATION_LEVEL = "-O";
				VALIDATE_PRODUCT = YES;
			};
			name = Release;
		};
		271ABCBD2985ABE900B70204 /* Debug */ = {
			isa = XCBuildConfiguration;
			buildSettings = {
				ASSETCATALOG_COMPILER_APPICON_NAME = AppIcon;
				ASSETCATALOG_COMPILER_GLOBAL_ACCENT_COLOR_NAME = AccentColor;
				CODE_SIGN_STYLE = Automatic;
				CURRENT_PROJECT_VERSION = 1;
				DEVELOPMENT_ASSET_PATHS = "\"SomaSwiftUI/Preview Content\"";
				DEVELOPMENT_TEAM = 8WJZH74XAS;
				ENABLE_PREVIEWS = YES;
				GENERATE_INFOPLIST_FILE = YES;
				INFOPLIST_KEY_UIApplicationSceneManifest_Generation = YES;
				INFOPLIST_KEY_UIApplicationSupportsIndirectInputEvents = YES;
				INFOPLIST_KEY_UILaunchScreen_Generation = YES;
				INFOPLIST_KEY_UISupportedInterfaceOrientations_iPad = "UIInterfaceOrientationPortrait UIInterfaceOrientationPortraitUpsideDown UIInterfaceOrientationLandscapeLeft UIInterfaceOrientationLandscapeRight";
				INFOPLIST_KEY_UISupportedInterfaceOrientations_iPhone = "UIInterfaceOrientationPortrait UIInterfaceOrientationLandscapeLeft UIInterfaceOrientationLandscapeRight";
				LD_RUNPATH_SEARCH_PATHS = (
					"$(inherited)",
					"@executable_path/Frameworks",
				);
				MARKETING_VERSION = 1.0;
				PRODUCT_BUNDLE_IDENTIFIER = com.mbdev.SomaSwiftUI;
				PRODUCT_NAME = "$(TARGET_NAME)";
				SWIFT_EMIT_LOC_STRINGS = YES;
				SWIFT_VERSION = 5.0;
				TARGETED_DEVICE_FAMILY = "1,2";
			};
			name = Debug;
		};
		271ABCBE2985ABE900B70204 /* Release */ = {
			isa = XCBuildConfiguration;
			buildSettings = {
				ASSETCATALOG_COMPILER_APPICON_NAME = AppIcon;
				ASSETCATALOG_COMPILER_GLOBAL_ACCENT_COLOR_NAME = AccentColor;
				CODE_SIGN_STYLE = Automatic;
				CURRENT_PROJECT_VERSION = 1;
				DEVELOPMENT_ASSET_PATHS = "\"SomaSwiftUI/Preview Content\"";
				DEVELOPMENT_TEAM = 8WJZH74XAS;
				ENABLE_PREVIEWS = YES;
				GENERATE_INFOPLIST_FILE = YES;
				INFOPLIST_KEY_UIApplicationSceneManifest_Generation = YES;
				INFOPLIST_KEY_UIApplicationSupportsIndirectInputEvents = YES;
				INFOPLIST_KEY_UILaunchScreen_Generation = YES;
				INFOPLIST_KEY_UISupportedInterfaceOrientations_iPad = "UIInterfaceOrientationPortrait UIInterfaceOrientationPortraitUpsideDown UIInterfaceOrientationLandscapeLeft UIInterfaceOrientationLandscapeRight";
				INFOPLIST_KEY_UISupportedInterfaceOrientations_iPhone = "UIInterfaceOrientationPortrait UIInterfaceOrientationLandscapeLeft UIInterfaceOrientationLandscapeRight";
				LD_RUNPATH_SEARCH_PATHS = (
					"$(inherited)",
					"@executable_path/Frameworks",
				);
				MARKETING_VERSION = 1.0;
				PRODUCT_BUNDLE_IDENTIFIER = com.mbdev.SomaSwiftUI;
				PRODUCT_NAME = "$(TARGET_NAME)";
				SWIFT_EMIT_LOC_STRINGS = YES;
				SWIFT_VERSION = 5.0;
				TARGETED_DEVICE_FAMILY = "1,2";
			};
			name = Release;
		};
/* End XCBuildConfiguration section */

/* Begin XCConfigurationList section */
		271ABCA92985ABE800B70204 /* Build configuration list for PBXProject "SomaSwiftUI" */ = {
			isa = XCConfigurationList;
			buildConfigurations = (
				271ABCBA2985ABE900B70204 /* Debug */,
				271ABCBB2985ABE900B70204 /* Release */,
			);
			defaultConfigurationIsVisible = 0;
			defaultConfigurationName = Release;
		};
		271ABCBC2985ABE900B70204 /* Build configuration list for PBXNativeTarget "SomaSwiftUI" */ = {
			isa = XCConfigurationList;
			buildConfigurations = (
				271ABCBD2985ABE900B70204 /* Debug */,
				271ABCBE2985ABE900B70204 /* Release */,
			);
			defaultConfigurationIsVisible = 0;
			defaultConfigurationName = Release;
		};
/* End XCConfigurationList section */
	};
	rootObject = 271ABCA62985ABE800B70204 /* Project object */;
}
