// !$*UTF8*$!
{
	archiveVersion = 1;
	classes = {
	};
	objectVersion = 56;
	objects = {

/* Begin PBXBuildFile section */
		2700B69D29968F8C002185A8 /* ScheduleViewController.swift in Sources */ = {isa = PBXBuildFile; fileRef = 2700B69C29968F8C002185A8 /* ScheduleViewController.swift */; };
		2700B6A42996E686002185A8 /* ShopViewController.swift in Sources */ = {isa = PBXBuildFile; fileRef = 2700B6A32996E686002185A8 /* ShopViewController.swift */; };
		2702A6FE2988AB7A003E9A6D /* LandingViewController.swift in Sources */ = {isa = PBXBuildFile; fileRef = 2702A6FD2988AB7A003E9A6D /* LandingViewController.swift */; };
		2702A7002988B12F003E9A6D /* UICells+Ext.swift in Sources */ = {isa = PBXBuildFile; fileRef = 2702A6FF2988B12F003E9A6D /* UICells+Ext.swift */; };
		2702A7022988B178003E9A6D /* TileCell.swift in Sources */ = {isa = PBXBuildFile; fileRef = 2702A7012988B178003E9A6D /* TileCell.swift */; };
		270462082992D51C00EAEE21 /* RulesViewController.swift in Sources */ = {isa = PBXBuildFile; fileRef = 270462072992D51C00EAEE21 /* RulesViewController.swift */; };
		2704620A2992DA5000EAEE21 /* MessageViewController.swift in Sources */ = {isa = PBXBuildFile; fileRef = 270462092992DA5000EAEE21 /* MessageViewController.swift */; };
		271A10A3297ADA760058D76C /* ViewFactory.swift in Sources */ = {isa = PBXBuildFile; fileRef = 271A10A2297ADA760058D76C /* ViewFactory.swift */; };
		276BEDFB297E1AD900660252 /* CardView.swift in Sources */ = {isa = PBXBuildFile; fileRef = 276BEDFA297E1AD900660252 /* CardView.swift */; };
		276BEDFD297E248B00660252 /* UIVisualEffectView.swift in Sources */ = {isa = PBXBuildFile; fileRef = 276BEDFC297E248B00660252 /* UIVisualEffectView.swift */; };
		2781E59D2983FF1B0029366A /* InstructorView.swift in Sources */ = {isa = PBXBuildFile; fileRef = 2781E59C2983FF1B0029366A /* InstructorView.swift */; };
		2781E59F298405040029366A /* ViewModifiers.swift in Sources */ = {isa = PBXBuildFile; fileRef = 2781E59E298405040029366A /* ViewModifiers.swift */; };
		2781E5A129847AD30029366A /* PrefKeys.swift in Sources */ = {isa = PBXBuildFile; fileRef = 2781E5A029847AD30029366A /* PrefKeys.swift */; };
		2781E5A42984A2CC0029366A /* FirebaseMessaging in Frameworks */ = {isa = PBXBuildFile; productRef = 2781E5A32984A2CC0029366A /* FirebaseMessaging */; };
		2781E5B029855E810029366A /* FirebaseMessaging in Frameworks */ = {isa = PBXBuildFile; productRef = 2781E5AF29855E810029366A /* FirebaseMessaging */; };
		279654D1297CD1BD00F15177 /* Constants.swift in Sources */ = {isa = PBXBuildFile; fileRef = 279654D0297CD1BD00F15177 /* Constants.swift */; };
		279654D3297CD4EF00F15177 /* Video.swift in Sources */ = {isa = PBXBuildFile; fileRef = 279654D2297CD4EF00F15177 /* Video.swift */; };
		279654D5297CD52000F15177 /* Model.swift in Sources */ = {isa = PBXBuildFile; fileRef = 279654D4297CD52000F15177 /* Model.swift */; };
		279654D7297CDD7C00F15177 /* Response.swift in Sources */ = {isa = PBXBuildFile; fileRef = 279654D6297CDD7C00F15177 /* Response.swift */; };
		279654D9297D500600F15177 /* ListingViewController.swift in Sources */ = {isa = PBXBuildFile; fileRef = 279654D8297D500600F15177 /* ListingViewController.swift */; };
		279654DE297D52D500F15177 /* ListingCVCell.swift in Sources */ = {isa = PBXBuildFile; fileRef = 279654DD297D52D500F15177 /* ListingCVCell.swift */; };
		279654E3297D695E00F15177 /* UIFont+Ext.swift in Sources */ = {isa = PBXBuildFile; fileRef = 279654E2297D695E00F15177 /* UIFont+Ext.swift */; };
		279654E5297D6A4700F15177 /* UIView+Ext.swift in Sources */ = {isa = PBXBuildFile; fileRef = 279654E4297D6A4700F15177 /* UIView+Ext.swift */; };
		279654E7297D71B900F15177 /* CacheManager.swift in Sources */ = {isa = PBXBuildFile; fileRef = 279654E6297D71B900F15177 /* CacheManager.swift */; };
		279654E9297D732800F15177 /* DetailViewController.swift in Sources */ = {isa = PBXBuildFile; fileRef = 279654E8297D732800F15177 /* DetailViewController.swift */; };
		27A727F9297A31EF00856CF3 /* AppDelegate.swift in Sources */ = {isa = PBXBuildFile; fileRef = 27A727F8297A31EF00856CF3 /* AppDelegate.swift */; };
		27A727FB297A31EF00856CF3 /* SceneDelegate.swift in Sources */ = {isa = PBXBuildFile; fileRef = 27A727FA297A31EF00856CF3 /* SceneDelegate.swift */; };
		27A72802297A31F000856CF3 /* Assets.xcassets in Resources */ = {isa = PBXBuildFile; fileRef = 27A72801297A31F000856CF3 /* Assets.xcassets */; };
		27A72805297A31F000856CF3 /* LaunchScreen.storyboard in Resources */ = {isa = PBXBuildFile; fileRef = 27A72803297A31F000856CF3 /* LaunchScreen.storyboard */; };
		27A72810297A31F000856CF3 /* SomaAppTests.swift in Sources */ = {isa = PBXBuildFile; fileRef = 27A7280F297A31F000856CF3 /* SomaAppTests.swift */; };
		27A7281A297A31F000856CF3 /* SomaAppUITests.swift in Sources */ = {isa = PBXBuildFile; fileRef = 27A72819297A31F000856CF3 /* SomaAppUITests.swift */; };
		27A7281C297A31F000856CF3 /* SomaAppUITestsLaunchTests.swift in Sources */ = {isa = PBXBuildFile; fileRef = 27A7281B297A31F000856CF3 /* SomaAppUITestsLaunchTests.swift */; };
		27A7282A297A329500856CF3 /* SomaTabController.swift in Sources */ = {isa = PBXBuildFile; fileRef = 27A72829297A329500856CF3 /* SomaTabController.swift */; };
		27C06547297C65CA001AE3CD /* ItemSupplementaryView.swift in Sources */ = {isa = PBXBuildFile; fileRef = 27C06546297C65CA001AE3CD /* ItemSupplementaryView.swift */; };
		27C45FBA297F462800D6B6B8 /* Date+Ext.swift in Sources */ = {isa = PBXBuildFile; fileRef = 27C45FB9297F462800D6B6B8 /* Date+Ext.swift */; };
		27C45FC22980088C00D6B6B8 /* Profiles.swift in Sources */ = {isa = PBXBuildFile; fileRef = 27C45FC12980088C00D6B6B8 /* Profiles.swift */; };
		27C45FC42981583800D6B6B8 /* InfoDetailView.swift in Sources */ = {isa = PBXBuildFile; fileRef = 27C45FC32981583800D6B6B8 /* InfoDetailView.swift */; };
		27C45FC6298158BB00D6B6B8 /* Color+Ext.swift in Sources */ = {isa = PBXBuildFile; fileRef = 27C45FC5298158BB00D6B6B8 /* Color+Ext.swift */; };
		27C45FC829820DB500D6B6B8 /* ListingDetailView.swift in Sources */ = {isa = PBXBuildFile; fileRef = 27C45FC729820DB500D6B6B8 /* ListingDetailView.swift */; };
		27C45FCB2982A5F300D6B6B8 /* MessageView.swift in Sources */ = {isa = PBXBuildFile; fileRef = 27C45FCA2982A5F300D6B6B8 /* MessageView.swift */; };
		27C45FCD298334FE00D6B6B8 /* profiles.json in Resources */ = {isa = PBXBuildFile; fileRef = 27C45FCC298334FE00D6B6B8 /* profiles.json */; };
		27C45FCF29833B1100D6B6B8 /* Bundle+Ext.swift in Sources */ = {isa = PBXBuildFile; fileRef = 27C45FCE29833B1100D6B6B8 /* Bundle+Ext.swift */; };
		27C45FD129833B5A00D6B6B8 /* ProfileManager.swift in Sources */ = {isa = PBXBuildFile; fileRef = 27C45FD029833B5A00D6B6B8 /* ProfileManager.swift */; };
		27C45FD32983506D00D6B6B8 /* GoogleService-Info.plist in Resources */ = {isa = PBXBuildFile; fileRef = 27C45FD22983506C00D6B6B8 /* GoogleService-Info.plist */; };
		27C45FD6298351DD00D6B6B8 /* FirebaseAnalytics in Frameworks */ = {isa = PBXBuildFile; productRef = 27C45FD5298351DD00D6B6B8 /* FirebaseAnalytics */; };
		27C45FD8298351DD00D6B6B8 /* FirebaseAuth in Frameworks */ = {isa = PBXBuildFile; productRef = 27C45FD7298351DD00D6B6B8 /* FirebaseAuth */; };
		27C45FDA298351DD00D6B6B8 /* FirebaseInAppMessagingSwift-Beta in Frameworks */ = {isa = PBXBuildFile; productRef = 27C45FD9298351DD00D6B6B8 /* FirebaseInAppMessagingSwift-Beta */; };
		27EF30BF297EA887003C4BAB /* TileVC.swift in Sources */ = {isa = PBXBuildFile; fileRef = 27EF30BE297EA887003C4BAB /* TileVC.swift */; };
		27EF30C3297EAD19003C4BAB /* LandingHeaderView.swift in Sources */ = {isa = PBXBuildFile; fileRef = 27EF30C2297EAD19003C4BAB /* LandingHeaderView.swift */; };
/* End PBXBuildFile section */

/* Begin PBXContainerItemProxy section */
		27A7280C297A31F000856CF3 /* PBXContainerItemProxy */ = {
			isa = PBXContainerItemProxy;
			containerPortal = 27A727ED297A31EF00856CF3 /* Project object */;
			proxyType = 1;
			remoteGlobalIDString = 27A727F4297A31EF00856CF3;
			remoteInfo = SomaApp;
		};
		27A72816297A31F000856CF3 /* PBXContainerItemProxy */ = {
			isa = PBXContainerItemProxy;
			containerPortal = 27A727ED297A31EF00856CF3 /* Project object */;
			proxyType = 1;
			remoteGlobalIDString = 27A727F4297A31EF00856CF3;
			remoteInfo = SomaApp;
		};
/* End PBXContainerItemProxy section */

/* Begin PBXFileReference section */
		2700B69C29968F8C002185A8 /* ScheduleViewController.swift */ = {isa = PBXFileReference; lastKnownFileType = sourcecode.swift; path = ScheduleViewController.swift; sourceTree = "<group>"; };
		2700B6A32996E686002185A8 /* ShopViewController.swift */ = {isa = PBXFileReference; lastKnownFileType = sourcecode.swift; path = ShopViewController.swift; sourceTree = "<group>"; };
		2702A6FD2988AB7A003E9A6D /* LandingViewController.swift */ = {isa = PBXFileReference; lastKnownFileType = sourcecode.swift; path = LandingViewController.swift; sourceTree = "<group>"; };
		2702A6FF2988B12F003E9A6D /* UICells+Ext.swift */ = {isa = PBXFileReference; lastKnownFileType = sourcecode.swift; path = "UICells+Ext.swift"; sourceTree = "<group>"; };
		2702A7012988B178003E9A6D /* TileCell.swift */ = {isa = PBXFileReference; lastKnownFileType = sourcecode.swift; path = TileCell.swift; sourceTree = "<group>"; };
		270462072992D51C00EAEE21 /* RulesViewController.swift */ = {isa = PBXFileReference; lastKnownFileType = sourcecode.swift; path = RulesViewController.swift; sourceTree = "<group>"; };
		270462092992DA5000EAEE21 /* MessageViewController.swift */ = {isa = PBXFileReference; lastKnownFileType = sourcecode.swift; path = MessageViewController.swift; sourceTree = "<group>"; };
		271A10A2297ADA760058D76C /* ViewFactory.swift */ = {isa = PBXFileReference; lastKnownFileType = sourcecode.swift; path = ViewFactory.swift; sourceTree = "<group>"; };
		276BEDFA297E1AD900660252 /* CardView.swift */ = {isa = PBXFileReference; lastKnownFileType = sourcecode.swift; path = CardView.swift; sourceTree = "<group>"; };
		276BEDFC297E248B00660252 /* UIVisualEffectView.swift */ = {isa = PBXFileReference; lastKnownFileType = sourcecode.swift; path = UIVisualEffectView.swift; sourceTree = "<group>"; };
		2781E59C2983FF1B0029366A /* InstructorView.swift */ = {isa = PBXFileReference; lastKnownFileType = sourcecode.swift; path = InstructorView.swift; sourceTree = "<group>"; };
		2781E59E298405040029366A /* ViewModifiers.swift */ = {isa = PBXFileReference; lastKnownFileType = sourcecode.swift; path = ViewModifiers.swift; sourceTree = "<group>"; };
		2781E5A029847AD30029366A /* PrefKeys.swift */ = {isa = PBXFileReference; lastKnownFileType = sourcecode.swift; path = PrefKeys.swift; sourceTree = "<group>"; };
		2781E5A52984A3CD0029366A /* SomaApp.entitlements */ = {isa = PBXFileReference; lastKnownFileType = text.plist.entitlements; path = SomaApp.entitlements; sourceTree = "<group>"; };
		279654D0297CD1BD00F15177 /* Constants.swift */ = {isa = PBXFileReference; lastKnownFileType = sourcecode.swift; path = Constants.swift; sourceTree = "<group>"; };
		279654D2297CD4EF00F15177 /* Video.swift */ = {isa = PBXFileReference; lastKnownFileType = sourcecode.swift; path = Video.swift; sourceTree = "<group>"; };
		279654D4297CD52000F15177 /* Model.swift */ = {isa = PBXFileReference; lastKnownFileType = sourcecode.swift; path = Model.swift; sourceTree = "<group>"; };
		279654D6297CDD7C00F15177 /* Response.swift */ = {isa = PBXFileReference; lastKnownFileType = sourcecode.swift; path = Response.swift; sourceTree = "<group>"; };
		279654D8297D500600F15177 /* ListingViewController.swift */ = {isa = PBXFileReference; lastKnownFileType = sourcecode.swift; path = ListingViewController.swift; sourceTree = "<group>"; };
		279654DD297D52D500F15177 /* ListingCVCell.swift */ = {isa = PBXFileReference; lastKnownFileType = sourcecode.swift; path = ListingCVCell.swift; sourceTree = "<group>"; };
		279654E2297D695E00F15177 /* UIFont+Ext.swift */ = {isa = PBXFileReference; lastKnownFileType = sourcecode.swift; path = "UIFont+Ext.swift"; sourceTree = "<group>"; };
		279654E4297D6A4700F15177 /* UIView+Ext.swift */ = {isa = PBXFileReference; lastKnownFileType = sourcecode.swift; path = "UIView+Ext.swift"; sourceTree = "<group>"; };
		279654E6297D71B900F15177 /* CacheManager.swift */ = {isa = PBXFileReference; lastKnownFileType = sourcecode.swift; path = CacheManager.swift; sourceTree = "<group>"; };
		279654E8297D732800F15177 /* DetailViewController.swift */ = {isa = PBXFileReference; lastKnownFileType = sourcecode.swift; path = DetailViewController.swift; sourceTree = "<group>"; };
		27A727F5297A31EF00856CF3 /* SomaApp.app */ = {isa = PBXFileReference; explicitFileType = wrapper.application; includeInIndex = 0; path = SomaApp.app; sourceTree = BUILT_PRODUCTS_DIR; };
		27A727F8297A31EF00856CF3 /* AppDelegate.swift */ = {isa = PBXFileReference; lastKnownFileType = sourcecode.swift; path = AppDelegate.swift; sourceTree = "<group>"; };
		27A727FA297A31EF00856CF3 /* SceneDelegate.swift */ = {isa = PBXFileReference; lastKnownFileType = sourcecode.swift; path = SceneDelegate.swift; sourceTree = "<group>"; };
		27A72801297A31F000856CF3 /* Assets.xcassets */ = {isa = PBXFileReference; lastKnownFileType = folder.assetcatalog; path = Assets.xcassets; sourceTree = "<group>"; };
		27A72804297A31F000856CF3 /* Base */ = {isa = PBXFileReference; lastKnownFileType = file.storyboard; name = Base; path = Base.lproj/LaunchScreen.storyboard; sourceTree = "<group>"; };
		27A72806297A31F000856CF3 /* Info.plist */ = {isa = PBXFileReference; lastKnownFileType = text.plist.xml; path = Info.plist; sourceTree = "<group>"; };
		27A7280B297A31F000856CF3 /* SomaAppTests.xctest */ = {isa = PBXFileReference; explicitFileType = wrapper.cfbundle; includeInIndex = 0; path = SomaAppTests.xctest; sourceTree = BUILT_PRODUCTS_DIR; };
		27A7280F297A31F000856CF3 /* SomaAppTests.swift */ = {isa = PBXFileReference; lastKnownFileType = sourcecode.swift; path = SomaAppTests.swift; sourceTree = "<group>"; };
		27A72815297A31F000856CF3 /* SomaAppUITests.xctest */ = {isa = PBXFileReference; explicitFileType = wrapper.cfbundle; includeInIndex = 0; path = SomaAppUITests.xctest; sourceTree = BUILT_PRODUCTS_DIR; };
		27A72819297A31F000856CF3 /* SomaAppUITests.swift */ = {isa = PBXFileReference; lastKnownFileType = sourcecode.swift; path = SomaAppUITests.swift; sourceTree = "<group>"; };
		27A7281B297A31F000856CF3 /* SomaAppUITestsLaunchTests.swift */ = {isa = PBXFileReference; lastKnownFileType = sourcecode.swift; path = SomaAppUITestsLaunchTests.swift; sourceTree = "<group>"; };
		27A72829297A329500856CF3 /* SomaTabController.swift */ = {isa = PBXFileReference; lastKnownFileType = sourcecode.swift; path = SomaTabController.swift; sourceTree = "<group>"; };
		27C06546297C65CA001AE3CD /* ItemSupplementaryView.swift */ = {isa = PBXFileReference; lastKnownFileType = sourcecode.swift; path = ItemSupplementaryView.swift; sourceTree = "<group>"; };
		27C45FB9297F462800D6B6B8 /* Date+Ext.swift */ = {isa = PBXFileReference; lastKnownFileType = sourcecode.swift; path = "Date+Ext.swift"; sourceTree = "<group>"; };
		27C45FC12980088C00D6B6B8 /* Profiles.swift */ = {isa = PBXFileReference; lastKnownFileType = sourcecode.swift; path = Profiles.swift; sourceTree = "<group>"; };
		27C45FC32981583800D6B6B8 /* InfoDetailView.swift */ = {isa = PBXFileReference; lastKnownFileType = sourcecode.swift; path = InfoDetailView.swift; sourceTree = "<group>"; };
		27C45FC5298158BB00D6B6B8 /* Color+Ext.swift */ = {isa = PBXFileReference; lastKnownFileType = sourcecode.swift; path = "Color+Ext.swift"; sourceTree = "<group>"; };
		27C45FC729820DB500D6B6B8 /* ListingDetailView.swift */ = {isa = PBXFileReference; lastKnownFileType = sourcecode.swift; path = ListingDetailView.swift; sourceTree = "<group>"; };
		27C45FCA2982A5F300D6B6B8 /* MessageView.swift */ = {isa = PBXFileReference; lastKnownFileType = sourcecode.swift; path = MessageView.swift; sourceTree = "<group>"; };
		27C45FCC298334FE00D6B6B8 /* profiles.json */ = {isa = PBXFileReference; fileEncoding = 4; lastKnownFileType = text.json; path = profiles.json; sourceTree = "<group>"; };
		27C45FCE29833B1100D6B6B8 /* Bundle+Ext.swift */ = {isa = PBXFileReference; lastKnownFileType = sourcecode.swift; path = "Bundle+Ext.swift"; sourceTree = "<group>"; };
		27C45FD029833B5A00D6B6B8 /* ProfileManager.swift */ = {isa = PBXFileReference; lastKnownFileType = sourcecode.swift; path = ProfileManager.swift; sourceTree = "<group>"; };
		27C45FD22983506C00D6B6B8 /* GoogleService-Info.plist */ = {isa = PBXFileReference; fileEncoding = 4; lastKnownFileType = text.plist.xml; name = "GoogleService-Info.plist"; path = "../../../../../../Downloads/GoogleService-Info.plist"; sourceTree = "<group>"; };
		27EF30BE297EA887003C4BAB /* TileVC.swift */ = {isa = PBXFileReference; lastKnownFileType = sourcecode.swift; path = TileVC.swift; sourceTree = "<group>"; };
		27EF30C2297EAD19003C4BAB /* LandingHeaderView.swift */ = {isa = PBXFileReference; lastKnownFileType = sourcecode.swift; path = LandingHeaderView.swift; sourceTree = "<group>"; };
/* End PBXFileReference section */

/* Begin PBXFrameworksBuildPhase section */
		27A727F2297A31EF00856CF3 /* Frameworks */ = {
			isa = PBXFrameworksBuildPhase;
			buildActionMask = 2147483647;
			files = (
				2781E5A42984A2CC0029366A /* FirebaseMessaging in Frameworks */,
				27C45FD6298351DD00D6B6B8 /* FirebaseAnalytics in Frameworks */,
				27C45FDA298351DD00D6B6B8 /* FirebaseInAppMessagingSwift-Beta in Frameworks */,
				27C45FD8298351DD00D6B6B8 /* FirebaseAuth in Frameworks */,
			);
			runOnlyForDeploymentPostprocessing = 0;
		};
		27A72808297A31F000856CF3 /* Frameworks */ = {
			isa = PBXFrameworksBuildPhase;
			buildActionMask = 2147483647;
			files = (
				2781E5B029855E810029366A /* FirebaseMessaging in Frameworks */,
			);
			runOnlyForDeploymentPostprocessing = 0;
		};
		27A72812297A31F000856CF3 /* Frameworks */ = {
			isa = PBXFrameworksBuildPhase;
			buildActionMask = 2147483647;
			files = (
			);
			runOnlyForDeploymentPostprocessing = 0;
		};
/* End PBXFrameworksBuildPhase section */

/* Begin PBXGroup section */
		2700B69E2996E64C002185A8 /* Schedule */ = {
			isa = PBXGroup;
			children = (
				2700B69C29968F8C002185A8 /* ScheduleViewController.swift */,
			);
			path = Schedule;
			sourceTree = "<group>";
		};
		2700B69F2996E650002185A8 /* Rules */ = {
			isa = PBXGroup;
			children = (
				270462072992D51C00EAEE21 /* RulesViewController.swift */,
			);
			path = Rules;
			sourceTree = "<group>";
		};
		2700B6A22996E677002185A8 /* Shop */ = {
			isa = PBXGroup;
			children = (
				2700B6A32996E686002185A8 /* ShopViewController.swift */,
			);
			path = Shop;
			sourceTree = "<group>";
		};
		2700B6A52996E6E7002185A8 /* Info */ = {
			isa = PBXGroup;
			children = (
			);
			path = Info;
			sourceTree = "<group>";
		};
		2700B6A62996EE67002185A8 /* Instructors */ = {
			isa = PBXGroup;
			children = (
				27C45FCC298334FE00D6B6B8 /* profiles.json */,
				27C45FC12980088C00D6B6B8 /* Profiles.swift */,
				2781E59C2983FF1B0029366A /* InstructorView.swift */,
				27C45FC32981583800D6B6B8 /* InfoDetailView.swift */,
				27C45FD029833B5A00D6B6B8 /* ProfileManager.swift */,
			);
			path = Instructors;
			sourceTree = "<group>";
		};
		2716B24F29919FB000E2ADB4 /* Views */ = {
			isa = PBXGroup;
			children = (
				2702A6FF2988B12F003E9A6D /* UICells+Ext.swift */,
				279654E4297D6A4700F15177 /* UIView+Ext.swift */,
				276BEDFC297E248B00660252 /* UIVisualEffectView.swift */,
			);
			path = Views;
			sourceTree = "<group>";
		};
		2716B25029919FBA00E2ADB4 /* Builders */ = {
			isa = PBXGroup;
			children = (
				271A10A2297ADA760058D76C /* ViewFactory.swift */,
			);
			path = Builders;
			sourceTree = "<group>";
		};
		2716B25129919FC500E2ADB4 /* Modifiers */ = {
			isa = PBXGroup;
			children = (
				27C45FCE29833B1100D6B6B8 /* Bundle+Ext.swift */,
				27C45FC5298158BB00D6B6B8 /* Color+Ext.swift */,
				27C45FB9297F462800D6B6B8 /* Date+Ext.swift */,
				2781E5A029847AD30029366A /* PrefKeys.swift */,
				279654E2297D695E00F15177 /* UIFont+Ext.swift */,
				2781E59E298405040029366A /* ViewModifiers.swift */,
			);
			path = Modifiers;
			sourceTree = "<group>";
		};
		271A10A1297ADA680058D76C /* Helper */ = {
			isa = PBXGroup;
			children = (
				2716B25129919FC500E2ADB4 /* Modifiers */,
				2716B25029919FBA00E2ADB4 /* Builders */,
				2716B24F29919FB000E2ADB4 /* Views */,
			);
			path = Helper;
			sourceTree = "<group>";
		};
		2781E5A22984A2CC0029366A /* Frameworks */ = {
			isa = PBXGroup;
			children = (
			);
			name = Frameworks;
			sourceTree = "<group>";
		};
		279654DF297D680600F15177 /* Model */ = {
			isa = PBXGroup;
			children = (
				279654D2297CD4EF00F15177 /* Video.swift */,
				279654D4297CD52000F15177 /* Model.swift */,
				279654D6297CDD7C00F15177 /* Response.swift */,
				279654E6297D71B900F15177 /* CacheManager.swift */,
			);
			path = Model;
			sourceTree = "<group>";
		};
		279654E0297D680C00F15177 /* View */ = {
			isa = PBXGroup;
			children = (
				27C06546297C65CA001AE3CD /* ItemSupplementaryView.swift */,
				279654D8297D500600F15177 /* ListingViewController.swift */,
				279654DD297D52D500F15177 /* ListingCVCell.swift */,
				279654E8297D732800F15177 /* DetailViewController.swift */,
				27C45FC729820DB500D6B6B8 /* ListingDetailView.swift */,
			);
			path = View;
			sourceTree = "<group>";
		};
		279654E1297D681E00F15177 /* Helper */ = {
			isa = PBXGroup;
			children = (
				279654D0297CD1BD00F15177 /* Constants.swift */,
			);
			path = Helper;
			sourceTree = "<group>";
		};
		27A727EC297A31EF00856CF3 = {
			isa = PBXGroup;
			children = (
				27A727F7297A31EF00856CF3 /* SomaApp */,
				27A7280E297A31F000856CF3 /* SomaAppTests */,
				27A72818297A31F000856CF3 /* SomaAppUITests */,
				27A727F6297A31EF00856CF3 /* Products */,
				2781E5A22984A2CC0029366A /* Frameworks */,
			);
			sourceTree = "<group>";
		};
		27A727F6297A31EF00856CF3 /* Products */ = {
			isa = PBXGroup;
			children = (
				27A727F5297A31EF00856CF3 /* SomaApp.app */,
				27A7280B297A31F000856CF3 /* SomaAppTests.xctest */,
				27A72815297A31F000856CF3 /* SomaAppUITests.xctest */,
			);
			name = Products;
			sourceTree = "<group>";
		};
		27A727F7297A31EF00856CF3 /* SomaApp */ = {
			isa = PBXGroup;
			children = (
				2781E5A52984A3CD0029366A /* SomaApp.entitlements */,
				271A10A1297ADA680058D76C /* Helper */,
				27A7282D297A33C700856CF3 /* Landing */,
				27A7282F297A33D200856CF3 /* Listing */,
				27C45FC92982A5E300D6B6B8 /* Message */,
				27A72828297A321300856CF3 /* Files */,
				2700B6A22996E677002185A8 /* Shop */,
				27A727F8297A31EF00856CF3 /* AppDelegate.swift */,
				27A727FA297A31EF00856CF3 /* SceneDelegate.swift */,
				27A72829297A329500856CF3 /* SomaTabController.swift */,
			);
			path = SomaApp;
			sourceTree = "<group>";
		};
		27A7280E297A31F000856CF3 /* SomaAppTests */ = {
			isa = PBXGroup;
			children = (
				27A7280F297A31F000856CF3 /* SomaAppTests.swift */,
			);
			path = SomaAppTests;
			sourceTree = "<group>";
		};
		27A72818297A31F000856CF3 /* SomaAppUITests */ = {
			isa = PBXGroup;
			children = (
				27A72819297A31F000856CF3 /* SomaAppUITests.swift */,
				27A7281B297A31F000856CF3 /* SomaAppUITestsLaunchTests.swift */,
			);
			path = SomaAppUITests;
			sourceTree = "<group>";
		};
		27A72828297A321300856CF3 /* Files */ = {
			isa = PBXGroup;
			children = (
				27A72801297A31F000856CF3 /* Assets.xcassets */,
				27A72803297A31F000856CF3 /* LaunchScreen.storyboard */,
				27A72806297A31F000856CF3 /* Info.plist */,
				27C45FD22983506C00D6B6B8 /* GoogleService-Info.plist */,
			);
			name = Files;
			sourceTree = "<group>";
		};
		27A7282D297A33C700856CF3 /* Landing */ = {
			isa = PBXGroup;
			children = (
				2700B6A62996EE67002185A8 /* Instructors */,
				2700B6A52996E6E7002185A8 /* Info */,
				2700B69F2996E650002185A8 /* Rules */,
				2700B69E2996E64C002185A8 /* Schedule */,
				276BEDFA297E1AD900660252 /* CardView.swift */,
				27EF30C2297EAD19003C4BAB /* LandingHeaderView.swift */,
				27EF30BE297EA887003C4BAB /* TileVC.swift */,
				2702A6FD2988AB7A003E9A6D /* LandingViewController.swift */,
				2702A7012988B178003E9A6D /* TileCell.swift */,
			);
			path = Landing;
			sourceTree = "<group>";
		};
		27A7282F297A33D200856CF3 /* Listing */ = {
			isa = PBXGroup;
			children = (
				279654E1297D681E00F15177 /* Helper */,
				279654E0297D680C00F15177 /* View */,
				279654DF297D680600F15177 /* Model */,
			);
			path = Listing;
			sourceTree = "<group>";
		};
		27C45FC92982A5E300D6B6B8 /* Message */ = {
			isa = PBXGroup;
			children = (
				27C45FCA2982A5F300D6B6B8 /* MessageView.swift */,
				270462092992DA5000EAEE21 /* MessageViewController.swift */,
			);
			path = Message;
			sourceTree = "<group>";
		};
/* End PBXGroup section */

/* Begin PBXNativeTarget section */
		27A727F4297A31EF00856CF3 /* SomaApp */ = {
			isa = PBXNativeTarget;
			buildConfigurationList = 27A7281F297A31F000856CF3 /* Build configuration list for PBXNativeTarget "SomaApp" */;
			buildPhases = (
				27A727F1297A31EF00856CF3 /* Sources */,
				27A727F2297A31EF00856CF3 /* Frameworks */,
				27A727F3297A31EF00856CF3 /* Resources */,
			);
			buildRules = (
			);
			dependencies = (
			);
			name = SomaApp;
			packageProductDependencies = (
				27C45FD5298351DD00D6B6B8 /* FirebaseAnalytics */,
				27C45FD7298351DD00D6B6B8 /* FirebaseAuth */,
				27C45FD9298351DD00D6B6B8 /* FirebaseInAppMessagingSwift-Beta */,
				2781E5A32984A2CC0029366A /* FirebaseMessaging */,
			);
			productName = SomaApp;
			productReference = 27A727F5297A31EF00856CF3 /* SomaApp.app */;
			productType = "com.apple.product-type.application";
		};
		27A7280A297A31F000856CF3 /* SomaAppTests */ = {
			isa = PBXNativeTarget;
			buildConfigurationList = 27A72822297A31F000856CF3 /* Build configuration list for PBXNativeTarget "SomaAppTests" */;
			buildPhases = (
				27A72807297A31F000856CF3 /* Sources */,
				27A72808297A31F000856CF3 /* Frameworks */,
				27A72809297A31F000856CF3 /* Resources */,
			);
			buildRules = (
			);
			dependencies = (
				27A7280D297A31F000856CF3 /* PBXTargetDependency */,
			);
			name = SomaAppTests;
			packageProductDependencies = (
				2781E5AF29855E810029366A /* FirebaseMessaging */,
			);
			productName = SomaAppTests;
			productReference = 27A7280B297A31F000856CF3 /* SomaAppTests.xctest */;
			productType = "com.apple.product-type.bundle.unit-test";
		};
		27A72814297A31F000856CF3 /* SomaAppUITests */ = {
			isa = PBXNativeTarget;
			buildConfigurationList = 27A72825297A31F000856CF3 /* Build configuration list for PBXNativeTarget "SomaAppUITests" */;
			buildPhases = (
				27A72811297A31F000856CF3 /* Sources */,
				27A72812297A31F000856CF3 /* Frameworks */,
				27A72813297A31F000856CF3 /* Resources */,
			);
			buildRules = (
			);
			dependencies = (
				27A72817297A31F000856CF3 /* PBXTargetDependency */,
			);
			name = SomaAppUITests;
			productName = SomaAppUITests;
			productReference = 27A72815297A31F000856CF3 /* SomaAppUITests.xctest */;
			productType = "com.apple.product-type.bundle.ui-testing";
		};
/* End PBXNativeTarget section */

/* Begin PBXProject section */
		27A727ED297A31EF00856CF3 /* Project object */ = {
			isa = PBXProject;
			attributes = {
				BuildIndependentTargetsInParallel = 1;
				LastSwiftUpdateCheck = 1420;
				LastUpgradeCheck = 1420;
				TargetAttributes = {
					27A727F4297A31EF00856CF3 = {
						CreatedOnToolsVersion = 14.2;
					};
					27A7280A297A31F000856CF3 = {
						CreatedOnToolsVersion = 14.2;
						TestTargetID = 27A727F4297A31EF00856CF3;
					};
					27A72814297A31F000856CF3 = {
						CreatedOnToolsVersion = 14.2;
						TestTargetID = 27A727F4297A31EF00856CF3;
					};
				};
			};
			buildConfigurationList = 27A727F0297A31EF00856CF3 /* Build configuration list for PBXProject "SomaApp" */;
			compatibilityVersion = "Xcode 14.0";
			developmentRegion = en;
			hasScannedForEncodings = 0;
			knownRegions = (
				en,
				Base,
			);
			mainGroup = 27A727EC297A31EF00856CF3;
			packageReferences = (
				27C45FD4298351DD00D6B6B8 /* XCRemoteSwiftPackageReference "firebase-ios-sdk" */,
			);
			productRefGroup = 27A727F6297A31EF00856CF3 /* Products */;
			projectDirPath = "";
			projectRoot = "";
			targets = (
				27A727F4297A31EF00856CF3 /* SomaApp */,
				27A7280A297A31F000856CF3 /* SomaAppTests */,
				27A72814297A31F000856CF3 /* SomaAppUITests */,
			);
		};
/* End PBXProject section */

/* Begin PBXResourcesBuildPhase section */
		27A727F3297A31EF00856CF3 /* Resources */ = {
			isa = PBXResourcesBuildPhase;
			buildActionMask = 2147483647;
			files = (
				27C45FCD298334FE00D6B6B8 /* profiles.json in Resources */,
				27A72805297A31F000856CF3 /* LaunchScreen.storyboard in Resources */,
				27A72802297A31F000856CF3 /* Assets.xcassets in Resources */,
				27C45FD32983506D00D6B6B8 /* GoogleService-Info.plist in Resources */,
			);
			runOnlyForDeploymentPostprocessing = 0;
		};
		27A72809297A31F000856CF3 /* Resources */ = {
			isa = PBXResourcesBuildPhase;
			buildActionMask = 2147483647;
			files = (
			);
			runOnlyForDeploymentPostprocessing = 0;
		};
		27A72813297A31F000856CF3 /* Resources */ = {
			isa = PBXResourcesBuildPhase;
			buildActionMask = 2147483647;
			files = (
			);
			runOnlyForDeploymentPostprocessing = 0;
		};
/* End PBXResourcesBuildPhase section */

/* Begin PBXSourcesBuildPhase section */
		27A727F1297A31EF00856CF3 /* Sources */ = {
			isa = PBXSourcesBuildPhase;
			buildActionMask = 2147483647;
			files = (
				2702A7002988B12F003E9A6D /* UICells+Ext.swift in Sources */,
				279654E5297D6A4700F15177 /* UIView+Ext.swift in Sources */,
				279654E7297D71B900F15177 /* CacheManager.swift in Sources */,
				270462082992D51C00EAEE21 /* RulesViewController.swift in Sources */,
				27EF30C3297EAD19003C4BAB /* LandingHeaderView.swift in Sources */,
				279654D9297D500600F15177 /* ListingViewController.swift in Sources */,
				27C45FC829820DB500D6B6B8 /* ListingDetailView.swift in Sources */,
				27C45FBA297F462800D6B6B8 /* Date+Ext.swift in Sources */,
				276BEDFB297E1AD900660252 /* CardView.swift in Sources */,
				27C06547297C65CA001AE3CD /* ItemSupplementaryView.swift in Sources */,
				2700B69D29968F8C002185A8 /* ScheduleViewController.swift in Sources */,
				279654D7297CDD7C00F15177 /* Response.swift in Sources */,
				2702A7022988B178003E9A6D /* TileCell.swift in Sources */,
				2704620A2992DA5000EAEE21 /* MessageViewController.swift in Sources */,
				271A10A3297ADA760058D76C /* ViewFactory.swift in Sources */,
				2781E59F298405040029366A /* ViewModifiers.swift in Sources */,
				2700B6A42996E686002185A8 /* ShopViewController.swift in Sources */,
				27C45FD129833B5A00D6B6B8 /* ProfileManager.swift in Sources */,
				2781E59D2983FF1B0029366A /* InstructorView.swift in Sources */,
				27C45FC42981583800D6B6B8 /* InfoDetailView.swift in Sources */,
				2781E5A129847AD30029366A /* PrefKeys.swift in Sources */,
				27C45FCB2982A5F300D6B6B8 /* MessageView.swift in Sources */,
				279654D3297CD4EF00F15177 /* Video.swift in Sources */,
				279654E9297D732800F15177 /* DetailViewController.swift in Sources */,
				27A727F9297A31EF00856CF3 /* AppDelegate.swift in Sources */,
				279654D5297CD52000F15177 /* Model.swift in Sources */,
				279654E3297D695E00F15177 /* UIFont+Ext.swift in Sources */,
				27C45FC22980088C00D6B6B8 /* Profiles.swift in Sources */,
				27C45FC6298158BB00D6B6B8 /* Color+Ext.swift in Sources */,
				27A727FB297A31EF00856CF3 /* SceneDelegate.swift in Sources */,
				279654DE297D52D500F15177 /* ListingCVCell.swift in Sources */,
				27A7282A297A329500856CF3 /* SomaTabController.swift in Sources */,
				279654D1297CD1BD00F15177 /* Constants.swift in Sources */,
				27C45FCF29833B1100D6B6B8 /* Bundle+Ext.swift in Sources */,
				276BEDFD297E248B00660252 /* UIVisualEffectView.swift in Sources */,
				27EF30BF297EA887003C4BAB /* TileVC.swift in Sources */,
				2702A6FE2988AB7A003E9A6D /* LandingViewController.swift in Sources */,
			);
			runOnlyForDeploymentPostprocessing = 0;
		};
		27A72807297A31F000856CF3 /* Sources */ = {
			isa = PBXSourcesBuildPhase;
			buildActionMask = 2147483647;
			files = (
				27A72810297A31F000856CF3 /* SomaAppTests.swift in Sources */,
			);
			runOnlyForDeploymentPostprocessing = 0;
		};
		27A72811297A31F000856CF3 /* Sources */ = {
			isa = PBXSourcesBuildPhase;
			buildActionMask = 2147483647;
			files = (
				27A7281C297A31F000856CF3 /* SomaAppUITestsLaunchTests.swift in Sources */,
				27A7281A297A31F000856CF3 /* SomaAppUITests.swift in Sources */,
			);
			runOnlyForDeploymentPostprocessing = 0;
		};
/* End PBXSourcesBuildPhase section */

/* Begin PBXTargetDependency section */
		27A7280D297A31F000856CF3 /* PBXTargetDependency */ = {
			isa = PBXTargetDependency;
			target = 27A727F4297A31EF00856CF3 /* SomaApp */;
			targetProxy = 27A7280C297A31F000856CF3 /* PBXContainerItemProxy */;
		};
		27A72817297A31F000856CF3 /* PBXTargetDependency */ = {
			isa = PBXTargetDependency;
			target = 27A727F4297A31EF00856CF3 /* SomaApp */;
			targetProxy = 27A72816297A31F000856CF3 /* PBXContainerItemProxy */;
		};
/* End PBXTargetDependency section */

/* Begin PBXVariantGroup section */
		27A72803297A31F000856CF3 /* LaunchScreen.storyboard */ = {
			isa = PBXVariantGroup;
			children = (
				27A72804297A31F000856CF3 /* Base */,
			);
			name = LaunchScreen.storyboard;
			sourceTree = "<group>";
		};
/* End PBXVariantGroup section */

/* Begin XCBuildConfiguration section */
		27A7281D297A31F000856CF3 /* Debug */ = {
			isa = XCBuildConfiguration;
			buildSettings = {
				ALWAYS_SEARCH_USER_PATHS = NO;
				CLANG_ANALYZER_NONNULL = YES;
				CLANG_ANALYZER_NUMBER_OBJECT_CONVERSION = YES_AGGRESSIVE;
				CLANG_CXX_LANGUAGE_STANDARD = "gnu++20";
				CLANG_ENABLE_MODULES = YES;
				CLANG_ENABLE_OBJC_ARC = YES;
				CLANG_ENABLE_OBJC_WEAK = YES;
				CLANG_WARN_BLOCK_CAPTURE_AUTORELEASING = YES;
				CLANG_WARN_BOOL_CONVERSION = YES;
				CLANG_WARN_COMMA = YES;
				CLANG_WARN_CONSTANT_CONVERSION = YES;
				CLANG_WARN_DEPRECATED_OBJC_IMPLEMENTATIONS = YES;
				CLANG_WARN_DIRECT_OBJC_ISA_USAGE = YES_ERROR;
				CLANG_WARN_DOCUMENTATION_COMMENTS = YES;
				CLANG_WARN_EMPTY_BODY = YES;
				CLANG_WARN_ENUM_CONVERSION = YES;
				CLANG_WARN_INFINITE_RECURSION = YES;
				CLANG_WARN_INT_CONVERSION = YES;
				CLANG_WARN_NON_LITERAL_NULL_CONVERSION = YES;
				CLANG_WARN_OBJC_IMPLICIT_RETAIN_SELF = YES;
				CLANG_WARN_OBJC_LITERAL_CONVERSION = YES;
				CLANG_WARN_OBJC_ROOT_CLASS = YES_ERROR;
				CLANG_WARN_QUOTED_INCLUDE_IN_FRAMEWORK_HEADER = YES;
				CLANG_WARN_RANGE_LOOP_ANALYSIS = YES;
				CLANG_WARN_STRICT_PROTOTYPES = YES;
				CLANG_WARN_SUSPICIOUS_MOVE = YES;
				CLANG_WARN_UNGUARDED_AVAILABILITY = YES_AGGRESSIVE;
				CLANG_WARN_UNREACHABLE_CODE = YES;
				CLANG_WARN__DUPLICATE_METHOD_MATCH = YES;
				COPY_PHASE_STRIP = NO;
				DEBUG_INFORMATION_FORMAT = dwarf;
				ENABLE_STRICT_OBJC_MSGSEND = YES;
				ENABLE_TESTABILITY = YES;
				GCC_C_LANGUAGE_STANDARD = gnu11;
				GCC_DYNAMIC_NO_PIC = NO;
				GCC_NO_COMMON_BLOCKS = YES;
				GCC_OPTIMIZATION_LEVEL = 0;
				GCC_PREPROCESSOR_DEFINITIONS = (
					"DEBUG=1",
					"$(inherited)",
				);
				GCC_WARN_64_TO_32_BIT_CONVERSION = YES;
				GCC_WARN_ABOUT_RETURN_TYPE = YES_ERROR;
				GCC_WARN_UNDECLARED_SELECTOR = YES;
				GCC_WARN_UNINITIALIZED_AUTOS = YES_AGGRESSIVE;
				GCC_WARN_UNUSED_FUNCTION = YES;
				GCC_WARN_UNUSED_VARIABLE = YES;
				IPHONEOS_DEPLOYMENT_TARGET = 16.2;
				MTL_ENABLE_DEBUG_INFO = INCLUDE_SOURCE;
				MTL_FAST_MATH = YES;
				ONLY_ACTIVE_ARCH = YES;
				SDKROOT = iphoneos;
				SWIFT_ACTIVE_COMPILATION_CONDITIONS = DEBUG;
				SWIFT_OPTIMIZATION_LEVEL = "-Onone";
			};
			name = Debug;
		};
		27A7281E297A31F000856CF3 /* Release */ = {
			isa = XCBuildConfiguration;
			buildSettings = {
				ALWAYS_SEARCH_USER_PATHS = NO;
				CLANG_ANALYZER_NONNULL = YES;
				CLANG_ANALYZER_NUMBER_OBJECT_CONVERSION = YES_AGGRESSIVE;
				CLANG_CXX_LANGUAGE_STANDARD = "gnu++20";
				CLANG_ENABLE_MODULES = YES;
				CLANG_ENABLE_OBJC_ARC = YES;
				CLANG_ENABLE_OBJC_WEAK = YES;
				CLANG_WARN_BLOCK_CAPTURE_AUTORELEASING = YES;
				CLANG_WARN_BOOL_CONVERSION = YES;
				CLANG_WARN_COMMA = YES;
				CLANG_WARN_CONSTANT_CONVERSION = YES;
				CLANG_WARN_DEPRECATED_OBJC_IMPLEMENTATIONS = YES;
				CLANG_WARN_DIRECT_OBJC_ISA_USAGE = YES_ERROR;
				CLANG_WARN_DOCUMENTATION_COMMENTS = YES;
				CLANG_WARN_EMPTY_BODY = YES;
				CLANG_WARN_ENUM_CONVERSION = YES;
				CLANG_WARN_INFINITE_RECURSION = YES;
				CLANG_WARN_INT_CONVERSION = YES;
				CLANG_WARN_NON_LITERAL_NULL_CONVERSION = YES;
				CLANG_WARN_OBJC_IMPLICIT_RETAIN_SELF = YES;
				CLANG_WARN_OBJC_LITERAL_CONVERSION = YES;
				CLANG_WARN_OBJC_ROOT_CLASS = YES_ERROR;
				CLANG_WARN_QUOTED_INCLUDE_IN_FRAMEWORK_HEADER = YES;
				CLANG_WARN_RANGE_LOOP_ANALYSIS = YES;
				CLANG_WARN_STRICT_PROTOTYPES = YES;
				CLANG_WARN_SUSPICIOUS_MOVE = YES;
				CLANG_WARN_UNGUARDED_AVAILABILITY = YES_AGGRESSIVE;
				CLANG_WARN_UNREACHABLE_CODE = YES;
				CLANG_WARN__DUPLICATE_METHOD_MATCH = YES;
				COPY_PHASE_STRIP = NO;
				DEBUG_INFORMATION_FORMAT = "dwarf-with-dsym";
				ENABLE_NS_ASSERTIONS = NO;
				ENABLE_STRICT_OBJC_MSGSEND = YES;
				GCC_C_LANGUAGE_STANDARD = gnu11;
				GCC_NO_COMMON_BLOCKS = YES;
				GCC_WARN_64_TO_32_BIT_CONVERSION = YES;
				GCC_WARN_ABOUT_RETURN_TYPE = YES_ERROR;
				GCC_WARN_UNDECLARED_SELECTOR = YES;
				GCC_WARN_UNINITIALIZED_AUTOS = YES_AGGRESSIVE;
				GCC_WARN_UNUSED_FUNCTION = YES;
				GCC_WARN_UNUSED_VARIABLE = YES;
				IPHONEOS_DEPLOYMENT_TARGET = 16.2;
				MTL_ENABLE_DEBUG_INFO = NO;
				MTL_FAST_MATH = YES;
				SDKROOT = iphoneos;
				SWIFT_COMPILATION_MODE = wholemodule;
				SWIFT_OPTIMIZATION_LEVEL = "-O";
				VALIDATE_PRODUCT = YES;
			};
			name = Release;
		};
		27A72820297A31F000856CF3 /* Debug */ = {
			isa = XCBuildConfiguration;
			buildSettings = {
				ASSETCATALOG_COMPILER_APPICON_NAME = AppIcon;
				ASSETCATALOG_COMPILER_GLOBAL_ACCENT_COLOR_NAME = AccentColor;
				CODE_SIGN_ENTITLEMENTS = SomaApp/SomaApp.entitlements;
				CODE_SIGN_STYLE = Automatic;
				CURRENT_PROJECT_VERSION = 1;
				DEVELOPMENT_TEAM = 8WJZH74XAS;
				GENERATE_INFOPLIST_FILE = YES;
				INFOPLIST_FILE = SomaApp/Info.plist;
				INFOPLIST_KEY_UIApplicationSupportsIndirectInputEvents = YES;
				INFOPLIST_KEY_UILaunchStoryboardName = LaunchScreen;
				INFOPLIST_KEY_UISupportedInterfaceOrientations_iPad = "UIInterfaceOrientationPortrait UIInterfaceOrientationPortraitUpsideDown UIInterfaceOrientationLandscapeLeft UIInterfaceOrientationLandscapeRight";
				INFOPLIST_KEY_UISupportedInterfaceOrientations_iPhone = "UIInterfaceOrientationPortrait UIInterfaceOrientationLandscapeLeft UIInterfaceOrientationLandscapeRight";
				LD_RUNPATH_SEARCH_PATHS = (
					"$(inherited)",
					"@executable_path/Frameworks",
				);
				MARKETING_VERSION = 1.0;
				PRODUCT_BUNDLE_IDENTIFIER = com.mbdev.SomaApp;
				PRODUCT_NAME = "$(TARGET_NAME)";
				SWIFT_EMIT_LOC_STRINGS = YES;
				SWIFT_VERSION = 5.0;
				TARGETED_DEVICE_FAMILY = "1,2";
			};
			name = Debug;
		};
		27A72821297A31F000856CF3 /* Release */ = {
			isa = XCBuildConfiguration;
			buildSettings = {
				ASSETCATALOG_COMPILER_APPICON_NAME = AppIcon;
				ASSETCATALOG_COMPILER_GLOBAL_ACCENT_COLOR_NAME = AccentColor;
				CODE_SIGN_ENTITLEMENTS = SomaApp/SomaApp.entitlements;
				CODE_SIGN_STYLE = Automatic;
				CURRENT_PROJECT_VERSION = 1;
				DEVELOPMENT_TEAM = 8WJZH74XAS;
				GENERATE_INFOPLIST_FILE = YES;
				INFOPLIST_FILE = SomaApp/Info.plist;
				INFOPLIST_KEY_UIApplicationSupportsIndirectInputEvents = YES;
				INFOPLIST_KEY_UILaunchStoryboardName = LaunchScreen;
				INFOPLIST_KEY_UISupportedInterfaceOrientations_iPad = "UIInterfaceOrientationPortrait UIInterfaceOrientationPortraitUpsideDown UIInterfaceOrientationLandscapeLeft UIInterfaceOrientationLandscapeRight";
				INFOPLIST_KEY_UISupportedInterfaceOrientations_iPhone = "UIInterfaceOrientationPortrait UIInterfaceOrientationLandscapeLeft UIInterfaceOrientationLandscapeRight";
				LD_RUNPATH_SEARCH_PATHS = (
					"$(inherited)",
					"@executable_path/Frameworks",
				);
				MARKETING_VERSION = 1.0;
				PRODUCT_BUNDLE_IDENTIFIER = com.mbdev.SomaApp;
				PRODUCT_NAME = "$(TARGET_NAME)";
				SWIFT_EMIT_LOC_STRINGS = YES;
				SWIFT_VERSION = 5.0;
				TARGETED_DEVICE_FAMILY = "1,2";
			};
			name = Release;
		};
		27A72823297A31F000856CF3 /* Debug */ = {
			isa = XCBuildConfiguration;
			buildSettings = {
				ALWAYS_EMBED_SWIFT_STANDARD_LIBRARIES = YES;
				BUNDLE_LOADER = "$(TEST_HOST)";
				CODE_SIGN_STYLE = Automatic;
				CURRENT_PROJECT_VERSION = 1;
				DEVELOPMENT_TEAM = 8WJZH74XAS;
				GENERATE_INFOPLIST_FILE = YES;
				IPHONEOS_DEPLOYMENT_TARGET = 16.2;
				MARKETING_VERSION = 1.0;
				PRODUCT_BUNDLE_IDENTIFIER = com.mbdev.SomaAppTests;
				PRODUCT_NAME = "$(TARGET_NAME)";
				SWIFT_EMIT_LOC_STRINGS = NO;
				SWIFT_VERSION = 5.0;
				TARGETED_DEVICE_FAMILY = "1,2";
				TEST_HOST = "$(BUILT_PRODUCTS_DIR)/SomaApp.app/$(BUNDLE_EXECUTABLE_FOLDER_PATH)/SomaApp";
			};
			name = Debug;
		};
		27A72824297A31F000856CF3 /* Release */ = {
			isa = XCBuildConfiguration;
			buildSettings = {
				ALWAYS_EMBED_SWIFT_STANDARD_LIBRARIES = YES;
				BUNDLE_LOADER = "$(TEST_HOST)";
				CODE_SIGN_STYLE = Automatic;
				CURRENT_PROJECT_VERSION = 1;
				DEVELOPMENT_TEAM = 8WJZH74XAS;
				GENERATE_INFOPLIST_FILE = YES;
				IPHONEOS_DEPLOYMENT_TARGET = 16.2;
				MARKETING_VERSION = 1.0;
				PRODUCT_BUNDLE_IDENTIFIER = com.mbdev.SomaAppTests;
				PRODUCT_NAME = "$(TARGET_NAME)";
				SWIFT_EMIT_LOC_STRINGS = NO;
				SWIFT_VERSION = 5.0;
				TARGETED_DEVICE_FAMILY = "1,2";
				TEST_HOST = "$(BUILT_PRODUCTS_DIR)/SomaApp.app/$(BUNDLE_EXECUTABLE_FOLDER_PATH)/SomaApp";
			};
			name = Release;
		};
		27A72826297A31F000856CF3 /* Debug */ = {
			isa = XCBuildConfiguration;
			buildSettings = {
				ALWAYS_EMBED_SWIFT_STANDARD_LIBRARIES = YES;
				CODE_SIGN_STYLE = Automatic;
				CURRENT_PROJECT_VERSION = 1;
				DEVELOPMENT_TEAM = 8WJZH74XAS;
				GENERATE_INFOPLIST_FILE = YES;
				MARKETING_VERSION = 1.0;
				PRODUCT_BUNDLE_IDENTIFIER = com.mbdev.SomaAppUITests;
				PRODUCT_NAME = "$(TARGET_NAME)";
				SWIFT_EMIT_LOC_STRINGS = NO;
				SWIFT_VERSION = 5.0;
				TARGETED_DEVICE_FAMILY = "1,2";
				TEST_TARGET_NAME = SomaApp;
			};
			name = Debug;
		};
		27A72827297A31F000856CF3 /* Release */ = {
			isa = XCBuildConfiguration;
			buildSettings = {
				ALWAYS_EMBED_SWIFT_STANDARD_LIBRARIES = YES;
				CODE_SIGN_STYLE = Automatic;
				CURRENT_PROJECT_VERSION = 1;
				DEVELOPMENT_TEAM = 8WJZH74XAS;
				GENERATE_INFOPLIST_FILE = YES;
				MARKETING_VERSION = 1.0;
				PRODUCT_BUNDLE_IDENTIFIER = com.mbdev.SomaAppUITests;
				PRODUCT_NAME = "$(TARGET_NAME)";
				SWIFT_EMIT_LOC_STRINGS = NO;
				SWIFT_VERSION = 5.0;
				TARGETED_DEVICE_FAMILY = "1,2";
				TEST_TARGET_NAME = SomaApp;
			};
			name = Release;
		};
/* End XCBuildConfiguration section */

/* Begin XCConfigurationList section */
		27A727F0297A31EF00856CF3 /* Build configuration list for PBXProject "SomaApp" */ = {
			isa = XCConfigurationList;
			buildConfigurations = (
				27A7281D297A31F000856CF3 /* Debug */,
				27A7281E297A31F000856CF3 /* Release */,
			);
			defaultConfigurationIsVisible = 0;
			defaultConfigurationName = Release;
		};
		27A7281F297A31F000856CF3 /* Build configuration list for PBXNativeTarget "SomaApp" */ = {
			isa = XCConfigurationList;
			buildConfigurations = (
				27A72820297A31F000856CF3 /* Debug */,
				27A72821297A31F000856CF3 /* Release */,
			);
			defaultConfigurationIsVisible = 0;
			defaultConfigurationName = Release;
		};
		27A72822297A31F000856CF3 /* Build configuration list for PBXNativeTarget "SomaAppTests" */ = {
			isa = XCConfigurationList;
			buildConfigurations = (
				27A72823297A31F000856CF3 /* Debug */,
				27A72824297A31F000856CF3 /* Release */,
			);
			defaultConfigurationIsVisible = 0;
			defaultConfigurationName = Release;
		};
		27A72825297A31F000856CF3 /* Build configuration list for PBXNativeTarget "SomaAppUITests" */ = {
			isa = XCConfigurationList;
			buildConfigurations = (
				27A72826297A31F000856CF3 /* Debug */,
				27A72827297A31F000856CF3 /* Release */,
			);
			defaultConfigurationIsVisible = 0;
			defaultConfigurationName = Release;
		};
/* End XCConfigurationList section */

/* Begin XCRemoteSwiftPackageReference section */
		27C45FD4298351DD00D6B6B8 /* XCRemoteSwiftPackageReference "firebase-ios-sdk" */ = {
			isa = XCRemoteSwiftPackageReference;
			repositoryURL = "https://github.com/firebase/firebase-ios-sdk";
			requirement = {
				branch = master;
				kind = branch;
			};
		};
/* End XCRemoteSwiftPackageReference section */

/* Begin XCSwiftPackageProductDependency section */
		2781E5A32984A2CC0029366A /* FirebaseMessaging */ = {
			isa = XCSwiftPackageProductDependency;
			package = 27C45FD4298351DD00D6B6B8 /* XCRemoteSwiftPackageReference "firebase-ios-sdk" */;
			productName = FirebaseMessaging;
		};
		2781E5AF29855E810029366A /* FirebaseMessaging */ = {
			isa = XCSwiftPackageProductDependency;
			package = 27C45FD4298351DD00D6B6B8 /* XCRemoteSwiftPackageReference "firebase-ios-sdk" */;
			productName = FirebaseMessaging;
		};
		27C45FD5298351DD00D6B6B8 /* FirebaseAnalytics */ = {
			isa = XCSwiftPackageProductDependency;
			package = 27C45FD4298351DD00D6B6B8 /* XCRemoteSwiftPackageReference "firebase-ios-sdk" */;
			productName = FirebaseAnalytics;
		};
		27C45FD7298351DD00D6B6B8 /* FirebaseAuth */ = {
			isa = XCSwiftPackageProductDependency;
			package = 27C45FD4298351DD00D6B6B8 /* XCRemoteSwiftPackageReference "firebase-ios-sdk" */;
			productName = FirebaseAuth;
		};
		27C45FD9298351DD00D6B6B8 /* FirebaseInAppMessagingSwift-Beta */ = {
			isa = XCSwiftPackageProductDependency;
			package = 27C45FD4298351DD00D6B6B8 /* XCRemoteSwiftPackageReference "firebase-ios-sdk" */;
			productName = "FirebaseInAppMessagingSwift-Beta";
		};
/* End XCSwiftPackageProductDependency section */
	};
	rootObject = 27A727ED297A31EF00856CF3 /* Project object */;
}
